// !$*UTF8*$!
{
	archiveVersion = 1;
	classes = {
	};
	objectVersion = 46;
	objects = {

/* Begin PBXBuildFile section */
		34BE76701C32831F00FDC691 /* Assets.xcassets in Resources */ = {isa = PBXBuildFile; fileRef = 34BE766F1C32831F00FDC691 /* Assets.xcassets */; };
		34BE76F11C32833A00FDC691 /* BQBaseViewModel.swift in Sources */ = {isa = PBXBuildFile; fileRef = 34BE76801C32833A00FDC691 /* BQBaseViewModel.swift */; };
		34BE76F21C32833A00FDC691 /* UITableViewCell+Extension.swift in Sources */ = {isa = PBXBuildFile; fileRef = 34BE76821C32833A00FDC691 /* UITableViewCell+Extension.swift */; };
		34BE76F31C32833A00FDC691 /* XTableDataDelegate.swift in Sources */ = {isa = PBXBuildFile; fileRef = 34BE76831C32833A00FDC691 /* XTableDataDelegate.swift */; };
		34BE76F41C32833A00FDC691 /* UICollectionViewCell+Extension.swift in Sources */ = {isa = PBXBuildFile; fileRef = 34BE76851C32833A00FDC691 /* UICollectionViewCell+Extension.swift */; };
		34BE76F51C32833A00FDC691 /* XTCollectionDataDelegate.swift in Sources */ = {isa = PBXBuildFile; fileRef = 34BE76861C32833A00FDC691 /* XTCollectionDataDelegate.swift */; };
		34BE76F61C32833A00FDC691 /* AFHTTPSessionManager.m in Sources */ = {isa = PBXBuildFile; fileRef = 34BE768A1C32833A00FDC691 /* AFHTTPSessionManager.m */; };
		34BE76F71C32833A00FDC691 /* AFNetworkReachabilityManager.m in Sources */ = {isa = PBXBuildFile; fileRef = 34BE768D1C32833A00FDC691 /* AFNetworkReachabilityManager.m */; };
		34BE76F81C32833A00FDC691 /* AFSecurityPolicy.m in Sources */ = {isa = PBXBuildFile; fileRef = 34BE768F1C32833A00FDC691 /* AFSecurityPolicy.m */; };
		34BE76F91C32833A00FDC691 /* AFURLRequestSerialization.m in Sources */ = {isa = PBXBuildFile; fileRef = 34BE76911C32833A00FDC691 /* AFURLRequestSerialization.m */; };
		34BE76FA1C32833A00FDC691 /* AFURLResponseSerialization.m in Sources */ = {isa = PBXBuildFile; fileRef = 34BE76931C32833A00FDC691 /* AFURLResponseSerialization.m */; };
		34BE76FB1C32833A00FDC691 /* AFURLSessionManager.m in Sources */ = {isa = PBXBuildFile; fileRef = 34BE76951C32833A00FDC691 /* AFURLSessionManager.m */; };
		34BE76FC1C32833A00FDC691 /* MJRefreshAutoFooter.m in Sources */ = {isa = PBXBuildFile; fileRef = 34BE76991C32833A00FDC691 /* MJRefreshAutoFooter.m */; };
		34BE76FD1C32833A00FDC691 /* MJRefreshBackFooter.m in Sources */ = {isa = PBXBuildFile; fileRef = 34BE769B1C32833A00FDC691 /* MJRefreshBackFooter.m */; };
		34BE76FE1C32833A00FDC691 /* MJRefreshComponent.m in Sources */ = {isa = PBXBuildFile; fileRef = 34BE769D1C32833A00FDC691 /* MJRefreshComponent.m */; };
		34BE76FF1C32833A00FDC691 /* MJRefreshFooter.m in Sources */ = {isa = PBXBuildFile; fileRef = 34BE769F1C32833A00FDC691 /* MJRefreshFooter.m */; };
		34BE77001C32833A00FDC691 /* MJRefreshHeader.m in Sources */ = {isa = PBXBuildFile; fileRef = 34BE76A11C32833A00FDC691 /* MJRefreshHeader.m */; };
		34BE77011C32833A00FDC691 /* MJRefreshAutoGifFooter.m in Sources */ = {isa = PBXBuildFile; fileRef = 34BE76A61C32833A00FDC691 /* MJRefreshAutoGifFooter.m */; };
		34BE77021C32833A00FDC691 /* MJRefreshAutoNormalFooter.m in Sources */ = {isa = PBXBuildFile; fileRef = 34BE76A81C32833A00FDC691 /* MJRefreshAutoNormalFooter.m */; };
		34BE77031C32833A00FDC691 /* MJRefreshAutoStateFooter.m in Sources */ = {isa = PBXBuildFile; fileRef = 34BE76AA1C32833A00FDC691 /* MJRefreshAutoStateFooter.m */; };
		34BE77041C32833A00FDC691 /* MJRefreshBackGifFooter.m in Sources */ = {isa = PBXBuildFile; fileRef = 34BE76AD1C32833A00FDC691 /* MJRefreshBackGifFooter.m */; };
		34BE77051C32833A00FDC691 /* MJRefreshBackNormalFooter.m in Sources */ = {isa = PBXBuildFile; fileRef = 34BE76AF1C32833A00FDC691 /* MJRefreshBackNormalFooter.m */; };
		34BE77061C32833A00FDC691 /* MJRefreshBackStateFooter.m in Sources */ = {isa = PBXBuildFile; fileRef = 34BE76B11C32833A00FDC691 /* MJRefreshBackStateFooter.m */; };
		34BE77071C32833A00FDC691 /* MJRefreshGifHeader.m in Sources */ = {isa = PBXBuildFile; fileRef = 34BE76B41C32833A00FDC691 /* MJRefreshGifHeader.m */; };
		34BE77081C32833A00FDC691 /* MJRefreshNormalHeader.m in Sources */ = {isa = PBXBuildFile; fileRef = 34BE76B61C32833A00FDC691 /* MJRefreshNormalHeader.m */; };
		34BE77091C32833A00FDC691 /* MJRefreshStateHeader.m in Sources */ = {isa = PBXBuildFile; fileRef = 34BE76B81C32833A00FDC691 /* MJRefreshStateHeader.m */; };
		34BE770A1C32833A00FDC691 /* MJRefresh.bundle in Resources */ = {isa = PBXBuildFile; fileRef = 34BE76B91C32833A00FDC691 /* MJRefresh.bundle */; };
		34BE770B1C32833A00FDC691 /* MJRefreshConst.m in Sources */ = {isa = PBXBuildFile; fileRef = 34BE76BC1C32833A00FDC691 /* MJRefreshConst.m */; };
		34BE770C1C32833A00FDC691 /* UIScrollView+MJExtension.m in Sources */ = {isa = PBXBuildFile; fileRef = 34BE76BE1C32833A00FDC691 /* UIScrollView+MJExtension.m */; };
		34BE770D1C32833A00FDC691 /* UIScrollView+MJRefresh.m in Sources */ = {isa = PBXBuildFile; fileRef = 34BE76C01C32833A00FDC691 /* UIScrollView+MJRefresh.m */; };
		34BE770E1C32833A00FDC691 /* UIView+MJExtension.m in Sources */ = {isa = PBXBuildFile; fileRef = 34BE76C21C32833A00FDC691 /* UIView+MJExtension.m */; };
		34BE770F1C32833A00FDC691 /* SVIndefiniteAnimatedView.m in Sources */ = {isa = PBXBuildFile; fileRef = 34BE76C51C32833A00FDC691 /* SVIndefiniteAnimatedView.m */; };
		34BE77101C32833A00FDC691 /* SVProgressHUD.bundle in Resources */ = {isa = PBXBuildFile; fileRef = 34BE76C71C32833A00FDC691 /* SVProgressHUD.bundle */; };
		34BE77111C32833A00FDC691 /* SVProgressHUD.m in Sources */ = {isa = PBXBuildFile; fileRef = 34BE76C91C32833A00FDC691 /* SVProgressHUD.m */; };
		34BE77121C32833A00FDC691 /* SVRadialGradientLayer.m in Sources */ = {isa = PBXBuildFile; fileRef = 34BE76CB1C32833A00FDC691 /* SVRadialGradientLayer.m */; };
		34BE77131C32833A00FDC691 /* UITableView+FDIndexPathHeightCache.m in Sources */ = {isa = PBXBuildFile; fileRef = 34BE76CE1C32833A00FDC691 /* UITableView+FDIndexPathHeightCache.m */; };
		34BE77141C32833A00FDC691 /* UITableView+FDKeyedHeightCache.m in Sources */ = {isa = PBXBuildFile; fileRef = 34BE76D01C32833A00FDC691 /* UITableView+FDKeyedHeightCache.m */; };
		34BE77151C32833A00FDC691 /* UITableView+FDTemplateLayoutCell.m in Sources */ = {isa = PBXBuildFile; fileRef = 34BE76D21C32833A00FDC691 /* UITableView+FDTemplateLayoutCell.m */; };
		34BE77161C32833A00FDC691 /* UITableView+FDTemplateLayoutCellDebug.m in Sources */ = {isa = PBXBuildFile; fileRef = 34BE76D41C32833A00FDC691 /* UITableView+FDTemplateLayoutCellDebug.m */; };
		34BE77171C32833A00FDC691 /* BQHttpTool.m in Sources */ = {isa = PBXBuildFile; fileRef = 34BE76D71C32833A00FDC691 /* BQHttpTool.m */; };
		34BE77181C32833A00FDC691 /* AppDelegate.swift in Sources */ = {isa = PBXBuildFile; fileRef = 34BE76D91C32833A00FDC691 /* AppDelegate.swift */; };
		34BE77191C32833A00FDC691 /* BYUIViewExt.swift in Sources */ = {isa = PBXBuildFile; fileRef = 34BE76DB1C32833A00FDC691 /* BYUIViewExt.swift */; };
		34BE771A1C32833A00FDC691 /* BQViewController.swift in Sources */ = {isa = PBXBuildFile; fileRef = 34BE76DF1C32833A00FDC691 /* BQViewController.swift */; };
		34BE771B1C32833A00FDC691 /* BQModel.swift in Sources */ = {isa = PBXBuildFile; fileRef = 34BE76E11C32833A00FDC691 /* BQModel.swift */; };
		34BE771C1C32833A00FDC691 /* BQCell.swift in Sources */ = {isa = PBXBuildFile; fileRef = 34BE76E31C32833A00FDC691 /* BQCell.swift */; };
		34BE771D1C32833A00FDC691 /* BQCell.xib in Resources */ = {isa = PBXBuildFile; fileRef = 34BE76E41C32833A00FDC691 /* BQCell.xib */; };
		34BE771E1C32833A00FDC691 /* BQViewModel.swift in Sources */ = {isa = PBXBuildFile; fileRef = 34BE76E61C32833A00FDC691 /* BQViewModel.swift */; };
		34BE771F1C32833A00FDC691 /* BQViewController2.swift in Sources */ = {isa = PBXBuildFile; fileRef = 34BE76E91C32833A00FDC691 /* BQViewController2.swift */; };
		34BE77201C32833A00FDC691 /* BQTestModel.swift in Sources */ = {isa = PBXBuildFile; fileRef = 34BE76EB1C32833A00FDC691 /* BQTestModel.swift */; };
		34BE77211C32833A00FDC691 /* BQCollectionCell.swift in Sources */ = {isa = PBXBuildFile; fileRef = 34BE76ED1C32833A00FDC691 /* BQCollectionCell.swift */; };
		34BE77221C32833A00FDC691 /* BQCollectionCell.xib in Resources */ = {isa = PBXBuildFile; fileRef = 34BE76EE1C32833A00FDC691 /* BQCollectionCell.xib */; };
		34BE77231C32833A00FDC691 /* BQViewModel2.swift in Sources */ = {isa = PBXBuildFile; fileRef = 34BE76F01C32833A00FDC691 /* BQViewModel2.swift */; };
		34BE77281C32837A00FDC691 /* LaunchScreen.xib in Resources */ = {isa = PBXBuildFile; fileRef = 34BE77251C32837A00FDC691 /* LaunchScreen.xib */; };
		34BE77291C32837A00FDC691 /* Main.storyboard in Resources */ = {isa = PBXBuildFile; fileRef = 34BE77261C32837A00FDC691 /* Main.storyboard */; };
/* End PBXBuildFile section */

/* Begin PBXFileReference section */
		34BE76651C32831F00FDC691 /* MVVMFramework-Swift.app */ = {isa = PBXFileReference; explicitFileType = wrapper.application; includeInIndex = 0; path = "MVVMFramework-Swift.app"; sourceTree = BUILT_PRODUCTS_DIR; };
		34BE766F1C32831F00FDC691 /* Assets.xcassets */ = {isa = PBXFileReference; lastKnownFileType = folder.assetcatalog; path = Assets.xcassets; sourceTree = "<group>"; };
		34BE76741C32831F00FDC691 /* Info.plist */ = {isa = PBXFileReference; lastKnownFileType = text.plist.xml; path = Info.plist; sourceTree = "<group>"; };
		34BE76801C32833A00FDC691 /* BQBaseViewModel.swift */ = {isa = PBXFileReference; fileEncoding = 4; lastKnownFileType = sourcecode.swift; path = BQBaseViewModel.swift; sourceTree = "<group>"; };
		34BE76821C32833A00FDC691 /* UITableViewCell+Extension.swift */ = {isa = PBXFileReference; fileEncoding = 4; lastKnownFileType = sourcecode.swift; path = "UITableViewCell+Extension.swift"; sourceTree = "<group>"; };
		34BE76831C32833A00FDC691 /* XTableDataDelegate.swift */ = {isa = PBXFileReference; fileEncoding = 4; lastKnownFileType = sourcecode.swift; path = XTableDataDelegate.swift; sourceTree = "<group>"; };
		34BE76851C32833A00FDC691 /* UICollectionViewCell+Extension.swift */ = {isa = PBXFileReference; fileEncoding = 4; lastKnownFileType = sourcecode.swift; path = "UICollectionViewCell+Extension.swift"; sourceTree = "<group>"; };
		34BE76861C32833A00FDC691 /* XTCollectionDataDelegate.swift */ = {isa = PBXFileReference; fileEncoding = 4; lastKnownFileType = sourcecode.swift; path = XTCollectionDataDelegate.swift; sourceTree = "<group>"; };
		34BE76891C32833A00FDC691 /* AFHTTPSessionManager.h */ = {isa = PBXFileReference; fileEncoding = 4; lastKnownFileType = sourcecode.c.h; path = AFHTTPSessionManager.h; sourceTree = "<group>"; };
		34BE768A1C32833A00FDC691 /* AFHTTPSessionManager.m */ = {isa = PBXFileReference; fileEncoding = 4; lastKnownFileType = sourcecode.c.objc; path = AFHTTPSessionManager.m; sourceTree = "<group>"; };
		34BE768B1C32833A00FDC691 /* AFNetworking.h */ = {isa = PBXFileReference; fileEncoding = 4; lastKnownFileType = sourcecode.c.h; path = AFNetworking.h; sourceTree = "<group>"; };
		34BE768C1C32833A00FDC691 /* AFNetworkReachabilityManager.h */ = {isa = PBXFileReference; fileEncoding = 4; lastKnownFileType = sourcecode.c.h; path = AFNetworkReachabilityManager.h; sourceTree = "<group>"; };
		34BE768D1C32833A00FDC691 /* AFNetworkReachabilityManager.m */ = {isa = PBXFileReference; fileEncoding = 4; lastKnownFileType = sourcecode.c.objc; path = AFNetworkReachabilityManager.m; sourceTree = "<group>"; };
		34BE768E1C32833A00FDC691 /* AFSecurityPolicy.h */ = {isa = PBXFileReference; fileEncoding = 4; lastKnownFileType = sourcecode.c.h; path = AFSecurityPolicy.h; sourceTree = "<group>"; };
		34BE768F1C32833A00FDC691 /* AFSecurityPolicy.m */ = {isa = PBXFileReference; fileEncoding = 4; lastKnownFileType = sourcecode.c.objc; path = AFSecurityPolicy.m; sourceTree = "<group>"; };
		34BE76901C32833A00FDC691 /* AFURLRequestSerialization.h */ = {isa = PBXFileReference; fileEncoding = 4; lastKnownFileType = sourcecode.c.h; path = AFURLRequestSerialization.h; sourceTree = "<group>"; };
		34BE76911C32833A00FDC691 /* AFURLRequestSerialization.m */ = {isa = PBXFileReference; fileEncoding = 4; lastKnownFileType = sourcecode.c.objc; path = AFURLRequestSerialization.m; sourceTree = "<group>"; };
		34BE76921C32833A00FDC691 /* AFURLResponseSerialization.h */ = {isa = PBXFileReference; fileEncoding = 4; lastKnownFileType = sourcecode.c.h; path = AFURLResponseSerialization.h; sourceTree = "<group>"; };
		34BE76931C32833A00FDC691 /* AFURLResponseSerialization.m */ = {isa = PBXFileReference; fileEncoding = 4; lastKnownFileType = sourcecode.c.objc; path = AFURLResponseSerialization.m; sourceTree = "<group>"; };
		34BE76941C32833A00FDC691 /* AFURLSessionManager.h */ = {isa = PBXFileReference; fileEncoding = 4; lastKnownFileType = sourcecode.c.h; path = AFURLSessionManager.h; sourceTree = "<group>"; };
		34BE76951C32833A00FDC691 /* AFURLSessionManager.m */ = {isa = PBXFileReference; fileEncoding = 4; lastKnownFileType = sourcecode.c.objc; path = AFURLSessionManager.m; sourceTree = "<group>"; };
		34BE76981C32833A00FDC691 /* MJRefreshAutoFooter.h */ = {isa = PBXFileReference; fileEncoding = 4; lastKnownFileType = sourcecode.c.h; path = MJRefreshAutoFooter.h; sourceTree = "<group>"; };
		34BE76991C32833A00FDC691 /* MJRefreshAutoFooter.m */ = {isa = PBXFileReference; fileEncoding = 4; lastKnownFileType = sourcecode.c.objc; path = MJRefreshAutoFooter.m; sourceTree = "<group>"; };
		34BE769A1C32833A00FDC691 /* MJRefreshBackFooter.h */ = {isa = PBXFileReference; fileEncoding = 4; lastKnownFileType = sourcecode.c.h; path = MJRefreshBackFooter.h; sourceTree = "<group>"; };
		34BE769B1C32833A00FDC691 /* MJRefreshBackFooter.m */ = {isa = PBXFileReference; fileEncoding = 4; lastKnownFileType = sourcecode.c.objc; path = MJRefreshBackFooter.m; sourceTree = "<group>"; };
		34BE769C1C32833A00FDC691 /* MJRefreshComponent.h */ = {isa = PBXFileReference; fileEncoding = 4; lastKnownFileType = sourcecode.c.h; path = MJRefreshComponent.h; sourceTree = "<group>"; };
		34BE769D1C32833A00FDC691 /* MJRefreshComponent.m */ = {isa = PBXFileReference; fileEncoding = 4; lastKnownFileType = sourcecode.c.objc; path = MJRefreshComponent.m; sourceTree = "<group>"; };
		34BE769E1C32833A00FDC691 /* MJRefreshFooter.h */ = {isa = PBXFileReference; fileEncoding = 4; lastKnownFileType = sourcecode.c.h; path = MJRefreshFooter.h; sourceTree = "<group>"; };
		34BE769F1C32833A00FDC691 /* MJRefreshFooter.m */ = {isa = PBXFileReference; fileEncoding = 4; lastKnownFileType = sourcecode.c.objc; path = MJRefreshFooter.m; sourceTree = "<group>"; };
		34BE76A01C32833A00FDC691 /* MJRefreshHeader.h */ = {isa = PBXFileReference; fileEncoding = 4; lastKnownFileType = sourcecode.c.h; path = MJRefreshHeader.h; sourceTree = "<group>"; };
		34BE76A11C32833A00FDC691 /* MJRefreshHeader.m */ = {isa = PBXFileReference; fileEncoding = 4; lastKnownFileType = sourcecode.c.objc; path = MJRefreshHeader.m; sourceTree = "<group>"; };
		34BE76A51C32833A00FDC691 /* MJRefreshAutoGifFooter.h */ = {isa = PBXFileReference; fileEncoding = 4; lastKnownFileType = sourcecode.c.h; path = MJRefreshAutoGifFooter.h; sourceTree = "<group>"; };
		34BE76A61C32833A00FDC691 /* MJRefreshAutoGifFooter.m */ = {isa = PBXFileReference; fileEncoding = 4; lastKnownFileType = sourcecode.c.objc; path = MJRefreshAutoGifFooter.m; sourceTree = "<group>"; };
		34BE76A71C32833A00FDC691 /* MJRefreshAutoNormalFooter.h */ = {isa = PBXFileReference; fileEncoding = 4; lastKnownFileType = sourcecode.c.h; path = MJRefreshAutoNormalFooter.h; sourceTree = "<group>"; };
		34BE76A81C32833A00FDC691 /* MJRefreshAutoNormalFooter.m */ = {isa = PBXFileReference; fileEncoding = 4; lastKnownFileType = sourcecode.c.objc; path = MJRefreshAutoNormalFooter.m; sourceTree = "<group>"; };
		34BE76A91C32833A00FDC691 /* MJRefreshAutoStateFooter.h */ = {isa = PBXFileReference; fileEncoding = 4; lastKnownFileType = sourcecode.c.h; path = MJRefreshAutoStateFooter.h; sourceTree = "<group>"; };
		34BE76AA1C32833A00FDC691 /* MJRefreshAutoStateFooter.m */ = {isa = PBXFileReference; fileEncoding = 4; lastKnownFileType = sourcecode.c.objc; path = MJRefreshAutoStateFooter.m; sourceTree = "<group>"; };
		34BE76AC1C32833A00FDC691 /* MJRefreshBackGifFooter.h */ = {isa = PBXFileReference; fileEncoding = 4; lastKnownFileType = sourcecode.c.h; path = MJRefreshBackGifFooter.h; sourceTree = "<group>"; };
		34BE76AD1C32833A00FDC691 /* MJRefreshBackGifFooter.m */ = {isa = PBXFileReference; fileEncoding = 4; lastKnownFileType = sourcecode.c.objc; path = MJRefreshBackGifFooter.m; sourceTree = "<group>"; };
		34BE76AE1C32833A00FDC691 /* MJRefreshBackNormalFooter.h */ = {isa = PBXFileReference; fileEncoding = 4; lastKnownFileType = sourcecode.c.h; path = MJRefreshBackNormalFooter.h; sourceTree = "<group>"; };
		34BE76AF1C32833A00FDC691 /* MJRefreshBackNormalFooter.m */ = {isa = PBXFileReference; fileEncoding = 4; lastKnownFileType = sourcecode.c.objc; path = MJRefreshBackNormalFooter.m; sourceTree = "<group>"; };
		34BE76B01C32833A00FDC691 /* MJRefreshBackStateFooter.h */ = {isa = PBXFileReference; fileEncoding = 4; lastKnownFileType = sourcecode.c.h; path = MJRefreshBackStateFooter.h; sourceTree = "<group>"; };
		34BE76B11C32833A00FDC691 /* MJRefreshBackStateFooter.m */ = {isa = PBXFileReference; fileEncoding = 4; lastKnownFileType = sourcecode.c.objc; path = MJRefreshBackStateFooter.m; sourceTree = "<group>"; };
		34BE76B31C32833A00FDC691 /* MJRefreshGifHeader.h */ = {isa = PBXFileReference; fileEncoding = 4; lastKnownFileType = sourcecode.c.h; path = MJRefreshGifHeader.h; sourceTree = "<group>"; };
		34BE76B41C32833A00FDC691 /* MJRefreshGifHeader.m */ = {isa = PBXFileReference; fileEncoding = 4; lastKnownFileType = sourcecode.c.objc; path = MJRefreshGifHeader.m; sourceTree = "<group>"; };
		34BE76B51C32833A00FDC691 /* MJRefreshNormalHeader.h */ = {isa = PBXFileReference; fileEncoding = 4; lastKnownFileType = sourcecode.c.h; path = MJRefreshNormalHeader.h; sourceTree = "<group>"; };
		34BE76B61C32833A00FDC691 /* MJRefreshNormalHeader.m */ = {isa = PBXFileReference; fileEncoding = 4; lastKnownFileType = sourcecode.c.objc; path = MJRefreshNormalHeader.m; sourceTree = "<group>"; };
		34BE76B71C32833A00FDC691 /* MJRefreshStateHeader.h */ = {isa = PBXFileReference; fileEncoding = 4; lastKnownFileType = sourcecode.c.h; path = MJRefreshStateHeader.h; sourceTree = "<group>"; };
		34BE76B81C32833A00FDC691 /* MJRefreshStateHeader.m */ = {isa = PBXFileReference; fileEncoding = 4; lastKnownFileType = sourcecode.c.objc; path = MJRefreshStateHeader.m; sourceTree = "<group>"; };
		34BE76B91C32833A00FDC691 /* MJRefresh.bundle */ = {isa = PBXFileReference; lastKnownFileType = "wrapper.plug-in"; path = MJRefresh.bundle; sourceTree = "<group>"; };
		34BE76BA1C32833A00FDC691 /* MJRefresh.h */ = {isa = PBXFileReference; fileEncoding = 4; lastKnownFileType = sourcecode.c.h; path = MJRefresh.h; sourceTree = "<group>"; };
		34BE76BB1C32833A00FDC691 /* MJRefreshConst.h */ = {isa = PBXFileReference; fileEncoding = 4; lastKnownFileType = sourcecode.c.h; path = MJRefreshConst.h; sourceTree = "<group>"; };
		34BE76BC1C32833A00FDC691 /* MJRefreshConst.m */ = {isa = PBXFileReference; fileEncoding = 4; lastKnownFileType = sourcecode.c.objc; path = MJRefreshConst.m; sourceTree = "<group>"; };
		34BE76BD1C32833A00FDC691 /* UIScrollView+MJExtension.h */ = {isa = PBXFileReference; fileEncoding = 4; lastKnownFileType = sourcecode.c.h; path = "UIScrollView+MJExtension.h"; sourceTree = "<group>"; };
		34BE76BE1C32833A00FDC691 /* UIScrollView+MJExtension.m */ = {isa = PBXFileReference; fileEncoding = 4; lastKnownFileType = sourcecode.c.objc; path = "UIScrollView+MJExtension.m"; sourceTree = "<group>"; };
		34BE76BF1C32833A00FDC691 /* UIScrollView+MJRefresh.h */ = {isa = PBXFileReference; fileEncoding = 4; lastKnownFileType = sourcecode.c.h; path = "UIScrollView+MJRefresh.h"; sourceTree = "<group>"; };
		34BE76C01C32833A00FDC691 /* UIScrollView+MJRefresh.m */ = {isa = PBXFileReference; fileEncoding = 4; lastKnownFileType = sourcecode.c.objc; path = "UIScrollView+MJRefresh.m"; sourceTree = "<group>"; };
		34BE76C11C32833A00FDC691 /* UIView+MJExtension.h */ = {isa = PBXFileReference; fileEncoding = 4; lastKnownFileType = sourcecode.c.h; path = "UIView+MJExtension.h"; sourceTree = "<group>"; };
		34BE76C21C32833A00FDC691 /* UIView+MJExtension.m */ = {isa = PBXFileReference; fileEncoding = 4; lastKnownFileType = sourcecode.c.objc; path = "UIView+MJExtension.m"; sourceTree = "<group>"; };
		34BE76C41C32833A00FDC691 /* SVIndefiniteAnimatedView.h */ = {isa = PBXFileReference; fileEncoding = 4; lastKnownFileType = sourcecode.c.h; path = SVIndefiniteAnimatedView.h; sourceTree = "<group>"; };
		34BE76C51C32833A00FDC691 /* SVIndefiniteAnimatedView.m */ = {isa = PBXFileReference; fileEncoding = 4; lastKnownFileType = sourcecode.c.objc; path = SVIndefiniteAnimatedView.m; sourceTree = "<group>"; };
		34BE76C61C32833A00FDC691 /* SVProgressHUD-Prefix.pch */ = {isa = PBXFileReference; fileEncoding = 4; lastKnownFileType = sourcecode.c.h; path = "SVProgressHUD-Prefix.pch"; sourceTree = "<group>"; };
		34BE76C71C32833A00FDC691 /* SVProgressHUD.bundle */ = {isa = PBXFileReference; lastKnownFileType = "wrapper.plug-in"; path = SVProgressHUD.bundle; sourceTree = "<group>"; };
		34BE76C81C32833A00FDC691 /* SVProgressHUD.h */ = {isa = PBXFileReference; fileEncoding = 4; lastKnownFileType = sourcecode.c.h; path = SVProgressHUD.h; sourceTree = "<group>"; };
		34BE76C91C32833A00FDC691 /* SVProgressHUD.m */ = {isa = PBXFileReference; fileEncoding = 4; lastKnownFileType = sourcecode.c.objc; path = SVProgressHUD.m; sourceTree = "<group>"; };
		34BE76CA1C32833A00FDC691 /* SVRadialGradientLayer.h */ = {isa = PBXFileReference; fileEncoding = 4; lastKnownFileType = sourcecode.c.h; path = SVRadialGradientLayer.h; sourceTree = "<group>"; };
		34BE76CB1C32833A00FDC691 /* SVRadialGradientLayer.m */ = {isa = PBXFileReference; fileEncoding = 4; lastKnownFileType = sourcecode.c.objc; path = SVRadialGradientLayer.m; sourceTree = "<group>"; };
		34BE76CD1C32833A00FDC691 /* UITableView+FDIndexPathHeightCache.h */ = {isa = PBXFileReference; fileEncoding = 4; lastKnownFileType = sourcecode.c.h; path = "UITableView+FDIndexPathHeightCache.h"; sourceTree = "<group>"; };
		34BE76CE1C32833A00FDC691 /* UITableView+FDIndexPathHeightCache.m */ = {isa = PBXFileReference; fileEncoding = 4; lastKnownFileType = sourcecode.c.objc; path = "UITableView+FDIndexPathHeightCache.m"; sourceTree = "<group>"; };
		34BE76CF1C32833A00FDC691 /* UITableView+FDKeyedHeightCache.h */ = {isa = PBXFileReference; fileEncoding = 4; lastKnownFileType = sourcecode.c.h; path = "UITableView+FDKeyedHeightCache.h"; sourceTree = "<group>"; };
		34BE76D01C32833A00FDC691 /* UITableView+FDKeyedHeightCache.m */ = {isa = PBXFileReference; fileEncoding = 4; lastKnownFileType = sourcecode.c.objc; path = "UITableView+FDKeyedHeightCache.m"; sourceTree = "<group>"; };
		34BE76D11C32833A00FDC691 /* UITableView+FDTemplateLayoutCell.h */ = {isa = PBXFileReference; fileEncoding = 4; lastKnownFileType = sourcecode.c.h; path = "UITableView+FDTemplateLayoutCell.h"; sourceTree = "<group>"; };
		34BE76D21C32833A00FDC691 /* UITableView+FDTemplateLayoutCell.m */ = {isa = PBXFileReference; fileEncoding = 4; lastKnownFileType = sourcecode.c.objc; path = "UITableView+FDTemplateLayoutCell.m"; sourceTree = "<group>"; };
		34BE76D31C32833A00FDC691 /* UITableView+FDTemplateLayoutCellDebug.h */ = {isa = PBXFileReference; fileEncoding = 4; lastKnownFileType = sourcecode.c.h; path = "UITableView+FDTemplateLayoutCellDebug.h"; sourceTree = "<group>"; };
		34BE76D41C32833A00FDC691 /* UITableView+FDTemplateLayoutCellDebug.m */ = {isa = PBXFileReference; fileEncoding = 4; lastKnownFileType = sourcecode.c.objc; path = "UITableView+FDTemplateLayoutCellDebug.m"; sourceTree = "<group>"; };
		34BE76D61C32833A00FDC691 /* BQHttpTool.h */ = {isa = PBXFileReference; fileEncoding = 4; lastKnownFileType = sourcecode.c.h; path = BQHttpTool.h; sourceTree = "<group>"; };
		34BE76D71C32833A00FDC691 /* BQHttpTool.m */ = {isa = PBXFileReference; fileEncoding = 4; lastKnownFileType = sourcecode.c.objc; path = BQHttpTool.m; sourceTree = "<group>"; };
		34BE76D91C32833A00FDC691 /* AppDelegate.swift */ = {isa = PBXFileReference; fileEncoding = 4; lastKnownFileType = sourcecode.swift; path = AppDelegate.swift; sourceTree = "<group>"; };
		34BE76DB1C32833A00FDC691 /* BYUIViewExt.swift */ = {isa = PBXFileReference; fileEncoding = 4; lastKnownFileType = sourcecode.swift; path = BYUIViewExt.swift; sourceTree = "<group>"; };
		34BE76DF1C32833A00FDC691 /* BQViewController.swift */ = {isa = PBXFileReference; fileEncoding = 4; lastKnownFileType = sourcecode.swift; path = BQViewController.swift; sourceTree = "<group>"; };
		34BE76E11C32833A00FDC691 /* BQModel.swift */ = {isa = PBXFileReference; fileEncoding = 4; lastKnownFileType = sourcecode.swift; path = BQModel.swift; sourceTree = "<group>"; };
		34BE76E31C32833A00FDC691 /* BQCell.swift */ = {isa = PBXFileReference; fileEncoding = 4; lastKnownFileType = sourcecode.swift; path = BQCell.swift; sourceTree = "<group>"; };
		34BE76E41C32833A00FDC691 /* BQCell.xib */ = {isa = PBXFileReference; fileEncoding = 4; lastKnownFileType = file.xib; path = BQCell.xib; sourceTree = "<group>"; };
		34BE76E61C32833A00FDC691 /* BQViewModel.swift */ = {isa = PBXFileReference; fileEncoding = 4; lastKnownFileType = sourcecode.swift; path = BQViewModel.swift; sourceTree = "<group>"; };
		34BE76E91C32833A00FDC691 /* BQViewController2.swift */ = {isa = PBXFileReference; fileEncoding = 4; lastKnownFileType = sourcecode.swift; path = BQViewController2.swift; sourceTree = "<group>"; };
		34BE76EB1C32833A00FDC691 /* BQTestModel.swift */ = {isa = PBXFileReference; fileEncoding = 4; lastKnownFileType = sourcecode.swift; path = BQTestModel.swift; sourceTree = "<group>"; };
		34BE76ED1C32833A00FDC691 /* BQCollectionCell.swift */ = {isa = PBXFileReference; fileEncoding = 4; lastKnownFileType = sourcecode.swift; path = BQCollectionCell.swift; sourceTree = "<group>"; };
		34BE76EE1C32833A00FDC691 /* BQCollectionCell.xib */ = {isa = PBXFileReference; fileEncoding = 4; lastKnownFileType = file.xib; path = BQCollectionCell.xib; sourceTree = "<group>"; };
		34BE76F01C32833A00FDC691 /* BQViewModel2.swift */ = {isa = PBXFileReference; fileEncoding = 4; lastKnownFileType = sourcecode.swift; path = BQViewModel2.swift; sourceTree = "<group>"; };
		34BE77251C32837A00FDC691 /* LaunchScreen.xib */ = {isa = PBXFileReference; fileEncoding = 4; lastKnownFileType = file.xib; path = LaunchScreen.xib; sourceTree = "<group>"; };
		34BE77261C32837A00FDC691 /* Main.storyboard */ = {isa = PBXFileReference; fileEncoding = 4; lastKnownFileType = file.storyboard; path = Main.storyboard; sourceTree = "<group>"; };
		34BE77271C32837A00FDC691 /* MVVMFramework-Swift-Bridge.h */ = {isa = PBXFileReference; fileEncoding = 4; lastKnownFileType = sourcecode.c.h; path = "MVVMFramework-Swift-Bridge.h"; sourceTree = "<group>"; };
/* End PBXFileReference section */

/* Begin PBXFrameworksBuildPhase section */
		34BE76621C32831F00FDC691 /* Frameworks */ = {
			isa = PBXFrameworksBuildPhase;
			buildActionMask = 2147483647;
			files = (
			);
			runOnlyForDeploymentPostprocessing = 0;
		};
/* End PBXFrameworksBuildPhase section */

/* Begin PBXGroup section */
		34BE765C1C32831F00FDC691 = {
			isa = PBXGroup;
			children = (
				34BE76671C32831F00FDC691 /* MVVMFramework-Swift */,
				34BE76661C32831F00FDC691 /* Products */,
			);
			sourceTree = "<group>";
		};
		34BE76661C32831F00FDC691 /* Products */ = {
			isa = PBXGroup;
			children = (
				34BE76651C32831F00FDC691 /* MVVMFramework-Swift.app */,
			);
			name = Products;
			sourceTree = "<group>";
		};
		34BE76671C32831F00FDC691 /* MVVMFramework-Swift */ = {
			isa = PBXGroup;
			children = (
				34BE767A1C32833A00FDC691 /* Classes */,
				34BE77241C32835A00FDC691 /* Supporting Files */,
			);
			path = "MVVMFramework-Swift";
			sourceTree = "<group>";
		};
		34BE767A1C32833A00FDC691 /* Classes */ = {
			isa = PBXGroup;
			children = (
				34BE76DC1C32833A00FDC691 /* Src */,
				34BE767B1C32833A00FDC691 /* Main */,
			);
			path = Classes;
			sourceTree = "<group>";
		};
		34BE767B1C32833A00FDC691 /* Main */ = {
			isa = PBXGroup;
			children = (
				34BE767C1C32833A00FDC691 /* Category */,
				34BE767D1C32833A00FDC691 /* Handler */,
				34BE76871C32833A00FDC691 /* Lib */,
				34BE76D51C32833A00FDC691 /* Network */,
				34BE76D81C32833A00FDC691 /* Other */,
				34BE76DA1C32833A00FDC691 /* Utils */,
			);
			path = Main;
			sourceTree = "<group>";
		};
		34BE767C1C32833A00FDC691 /* Category */ = {
			isa = PBXGroup;
			children = (
			);
			path = Category;
			sourceTree = "<group>";
		};
		34BE767D1C32833A00FDC691 /* Handler */ = {
			isa = PBXGroup;
			children = (
				34BE767E1C32833A00FDC691 /* BQViewModel */,
			);
			path = Handler;
			sourceTree = "<group>";
		};
		34BE767E1C32833A00FDC691 /* BQViewModel */ = {
			isa = PBXGroup;
			children = (
				34BE767F1C32833A00FDC691 /* BaseViewModel */,
				34BE76811C32833A00FDC691 /* XTableDataDelegate */,
				34BE76841C32833A00FDC691 /* XTCollectionDataDeleagte */,
			);
			path = BQViewModel;
			sourceTree = "<group>";
		};
		34BE767F1C32833A00FDC691 /* BaseViewModel */ = {
			isa = PBXGroup;
			children = (
				34BE76801C32833A00FDC691 /* BQBaseViewModel.swift */,
			);
			path = BaseViewModel;
			sourceTree = "<group>";
		};
		34BE76811C32833A00FDC691 /* XTableDataDelegate */ = {
			isa = PBXGroup;
			children = (
				34BE76821C32833A00FDC691 /* UITableViewCell+Extension.swift */,
				34BE76831C32833A00FDC691 /* XTableDataDelegate.swift */,
			);
			path = XTableDataDelegate;
			sourceTree = "<group>";
		};
		34BE76841C32833A00FDC691 /* XTCollectionDataDeleagte */ = {
			isa = PBXGroup;
			children = (
				34BE76851C32833A00FDC691 /* UICollectionViewCell+Extension.swift */,
				34BE76861C32833A00FDC691 /* XTCollectionDataDelegate.swift */,
			);
			path = XTCollectionDataDeleagte;
			sourceTree = "<group>";
		};
		34BE76871C32833A00FDC691 /* Lib */ = {
			isa = PBXGroup;
			children = (
				34BE76881C32833A00FDC691 /* AFNetworking */,
				34BE76961C32833A00FDC691 /* MJRefresh */,
				34BE76C31C32833A00FDC691 /* SVProgressHUD */,
				34BE76CC1C32833A00FDC691 /* UITableView+FDIndexPathHeightCache */,
			);
			path = Lib;
			sourceTree = "<group>";
		};
		34BE76881C32833A00FDC691 /* AFNetworking */ = {
			isa = PBXGroup;
			children = (
				34BE76891C32833A00FDC691 /* AFHTTPSessionManager.h */,
				34BE768A1C32833A00FDC691 /* AFHTTPSessionManager.m */,
				34BE768B1C32833A00FDC691 /* AFNetworking.h */,
				34BE768C1C32833A00FDC691 /* AFNetworkReachabilityManager.h */,
				34BE768D1C32833A00FDC691 /* AFNetworkReachabilityManager.m */,
				34BE768E1C32833A00FDC691 /* AFSecurityPolicy.h */,
				34BE768F1C32833A00FDC691 /* AFSecurityPolicy.m */,
				34BE76901C32833A00FDC691 /* AFURLRequestSerialization.h */,
				34BE76911C32833A00FDC691 /* AFURLRequestSerialization.m */,
				34BE76921C32833A00FDC691 /* AFURLResponseSerialization.h */,
				34BE76931C32833A00FDC691 /* AFURLResponseSerialization.m */,
				34BE76941C32833A00FDC691 /* AFURLSessionManager.h */,
				34BE76951C32833A00FDC691 /* AFURLSessionManager.m */,
			);
			path = AFNetworking;
			sourceTree = "<group>";
		};
		34BE76961C32833A00FDC691 /* MJRefresh */ = {
			isa = PBXGroup;
			children = (
				34BE76971C32833A00FDC691 /* Base */,
				34BE76A21C32833A00FDC691 /* Custom */,
				34BE76B91C32833A00FDC691 /* MJRefresh.bundle */,
				34BE76BA1C32833A00FDC691 /* MJRefresh.h */,
				34BE76BB1C32833A00FDC691 /* MJRefreshConst.h */,
				34BE76BC1C32833A00FDC691 /* MJRefreshConst.m */,
				34BE76BD1C32833A00FDC691 /* UIScrollView+MJExtension.h */,
				34BE76BE1C32833A00FDC691 /* UIScrollView+MJExtension.m */,
				34BE76BF1C32833A00FDC691 /* UIScrollView+MJRefresh.h */,
				34BE76C01C32833A00FDC691 /* UIScrollView+MJRefresh.m */,
				34BE76C11C32833A00FDC691 /* UIView+MJExtension.h */,
				34BE76C21C32833A00FDC691 /* UIView+MJExtension.m */,
			);
			path = MJRefresh;
			sourceTree = "<group>";
		};
		34BE76971C32833A00FDC691 /* Base */ = {
			isa = PBXGroup;
			children = (
				34BE76981C32833A00FDC691 /* MJRefreshAutoFooter.h */,
				34BE76991C32833A00FDC691 /* MJRefreshAutoFooter.m */,
				34BE769A1C32833A00FDC691 /* MJRefreshBackFooter.h */,
				34BE769B1C32833A00FDC691 /* MJRefreshBackFooter.m */,
				34BE769C1C32833A00FDC691 /* MJRefreshComponent.h */,
				34BE769D1C32833A00FDC691 /* MJRefreshComponent.m */,
				34BE769E1C32833A00FDC691 /* MJRefreshFooter.h */,
				34BE769F1C32833A00FDC691 /* MJRefreshFooter.m */,
				34BE76A01C32833A00FDC691 /* MJRefreshHeader.h */,
				34BE76A11C32833A00FDC691 /* MJRefreshHeader.m */,
			);
			path = Base;
			sourceTree = "<group>";
		};
		34BE76A21C32833A00FDC691 /* Custom */ = {
			isa = PBXGroup;
			children = (
				34BE76A31C32833A00FDC691 /* Footer */,
				34BE76B21C32833A00FDC691 /* Header */,
			);
			path = Custom;
			sourceTree = "<group>";
		};
		34BE76A31C32833A00FDC691 /* Footer */ = {
			isa = PBXGroup;
			children = (
				34BE76A41C32833A00FDC691 /* Auto */,
				34BE76AB1C32833A00FDC691 /* Back */,
			);
			path = Footer;
			sourceTree = "<group>";
		};
		34BE76A41C32833A00FDC691 /* Auto */ = {
			isa = PBXGroup;
			children = (
				34BE76A51C32833A00FDC691 /* MJRefreshAutoGifFooter.h */,
				34BE76A61C32833A00FDC691 /* MJRefreshAutoGifFooter.m */,
				34BE76A71C32833A00FDC691 /* MJRefreshAutoNormalFooter.h */,
				34BE76A81C32833A00FDC691 /* MJRefreshAutoNormalFooter.m */,
				34BE76A91C32833A00FDC691 /* MJRefreshAutoStateFooter.h */,
				34BE76AA1C32833A00FDC691 /* MJRefreshAutoStateFooter.m */,
			);
			path = Auto;
			sourceTree = "<group>";
		};
		34BE76AB1C32833A00FDC691 /* Back */ = {
			isa = PBXGroup;
			children = (
				34BE76AC1C32833A00FDC691 /* MJRefreshBackGifFooter.h */,
				34BE76AD1C32833A00FDC691 /* MJRefreshBackGifFooter.m */,
				34BE76AE1C32833A00FDC691 /* MJRefreshBackNormalFooter.h */,
				34BE76AF1C32833A00FDC691 /* MJRefreshBackNormalFooter.m */,
				34BE76B01C32833A00FDC691 /* MJRefreshBackStateFooter.h */,
				34BE76B11C32833A00FDC691 /* MJRefreshBackStateFooter.m */,
			);
			path = Back;
			sourceTree = "<group>";
		};
		34BE76B21C32833A00FDC691 /* Header */ = {
			isa = PBXGroup;
			children = (
				34BE76B31C32833A00FDC691 /* MJRefreshGifHeader.h */,
				34BE76B41C32833A00FDC691 /* MJRefreshGifHeader.m */,
				34BE76B51C32833A00FDC691 /* MJRefreshNormalHeader.h */,
				34BE76B61C32833A00FDC691 /* MJRefreshNormalHeader.m */,
				34BE76B71C32833A00FDC691 /* MJRefreshStateHeader.h */,
				34BE76B81C32833A00FDC691 /* MJRefreshStateHeader.m */,
			);
			path = Header;
			sourceTree = "<group>";
		};
		34BE76C31C32833A00FDC691 /* SVProgressHUD */ = {
			isa = PBXGroup;
			children = (
				34BE76C41C32833A00FDC691 /* SVIndefiniteAnimatedView.h */,
				34BE76C51C32833A00FDC691 /* SVIndefiniteAnimatedView.m */,
				34BE76C61C32833A00FDC691 /* SVProgressHUD-Prefix.pch */,
				34BE76C71C32833A00FDC691 /* SVProgressHUD.bundle */,
				34BE76C81C32833A00FDC691 /* SVProgressHUD.h */,
				34BE76C91C32833A00FDC691 /* SVProgressHUD.m */,
				34BE76CA1C32833A00FDC691 /* SVRadialGradientLayer.h */,
				34BE76CB1C32833A00FDC691 /* SVRadialGradientLayer.m */,
			);
			path = SVProgressHUD;
			sourceTree = "<group>";
		};
		34BE76CC1C32833A00FDC691 /* UITableView+FDIndexPathHeightCache */ = {
			isa = PBXGroup;
			children = (
				34BE76CD1C32833A00FDC691 /* UITableView+FDIndexPathHeightCache.h */,
				34BE76CE1C32833A00FDC691 /* UITableView+FDIndexPathHeightCache.m */,
				34BE76CF1C32833A00FDC691 /* UITableView+FDKeyedHeightCache.h */,
				34BE76D01C32833A00FDC691 /* UITableView+FDKeyedHeightCache.m */,
				34BE76D11C32833A00FDC691 /* UITableView+FDTemplateLayoutCell.h */,
				34BE76D21C32833A00FDC691 /* UITableView+FDTemplateLayoutCell.m */,
				34BE76D31C32833A00FDC691 /* UITableView+FDTemplateLayoutCellDebug.h */,
				34BE76D41C32833A00FDC691 /* UITableView+FDTemplateLayoutCellDebug.m */,
			);
			path = "UITableView+FDIndexPathHeightCache";
			sourceTree = "<group>";
		};
		34BE76D51C32833A00FDC691 /* Network */ = {
			isa = PBXGroup;
			children = (
				34BE76D61C32833A00FDC691 /* BQHttpTool.h */,
				34BE76D71C32833A00FDC691 /* BQHttpTool.m */,
			);
			path = Network;
			sourceTree = "<group>";
		};
		34BE76D81C32833A00FDC691 /* Other */ = {
			isa = PBXGroup;
			children = (
				34BE76D91C32833A00FDC691 /* AppDelegate.swift */,
			);
			path = Other;
			sourceTree = "<group>";
		};
		34BE76DA1C32833A00FDC691 /* Utils */ = {
			isa = PBXGroup;
			children = (
				34BE76DB1C32833A00FDC691 /* BYUIViewExt.swift */,
			);
			path = Utils;
			sourceTree = "<group>";
		};
		34BE76DC1C32833A00FDC691 /* Src */ = {
			isa = PBXGroup;
			children = (
				34BE76DD1C32833A00FDC691 /* firstExample */,
				34BE76E71C32833A00FDC691 /* secondExample */,
			);
			path = Src;
			sourceTree = "<group>";
		};
		34BE76DD1C32833A00FDC691 /* firstExample */ = {
			isa = PBXGroup;
			children = (
				34BE76DE1C32833A00FDC691 /* Controller */,
				34BE76E01C32833A00FDC691 /* Model */,
				34BE76E21C32833A00FDC691 /* View */,
				34BE76E51C32833A00FDC691 /* ViewModel */,
			);
			path = firstExample;
			sourceTree = "<group>";
		};
		34BE76DE1C32833A00FDC691 /* Controller */ = {
			isa = PBXGroup;
			children = (
				34BE76DF1C32833A00FDC691 /* BQViewController.swift */,
			);
			path = Controller;
			sourceTree = "<group>";
		};
		34BE76E01C32833A00FDC691 /* Model */ = {
			isa = PBXGroup;
			children = (
				34BE76E11C32833A00FDC691 /* BQModel.swift */,
			);
			path = Model;
			sourceTree = "<group>";
		};
		34BE76E21C32833A00FDC691 /* View */ = {
			isa = PBXGroup;
			children = (
				34BE76E31C32833A00FDC691 /* BQCell.swift */,
				34BE76E41C32833A00FDC691 /* BQCell.xib */,
			);
			path = View;
			sourceTree = "<group>";
		};
		34BE76E51C32833A00FDC691 /* ViewModel */ = {
			isa = PBXGroup;
			children = (
				34BE76E61C32833A00FDC691 /* BQViewModel.swift */,
			);
			path = ViewModel;
			sourceTree = "<group>";
		};
		34BE76E71C32833A00FDC691 /* secondExample */ = {
			isa = PBXGroup;
			children = (
				34BE76E81C32833A00FDC691 /* Controller */,
				34BE76EA1C32833A00FDC691 /* Model */,
				34BE76EC1C32833A00FDC691 /* View */,
				34BE76EF1C32833A00FDC691 /* ViewModel */,
			);
			path = secondExample;
			sourceTree = "<group>";
		};
		34BE76E81C32833A00FDC691 /* Controller */ = {
			isa = PBXGroup;
			children = (
				34BE76E91C32833A00FDC691 /* BQViewController2.swift */,
			);
			path = Controller;
			sourceTree = "<group>";
		};
		34BE76EA1C32833A00FDC691 /* Model */ = {
			isa = PBXGroup;
			children = (
				34BE76EB1C32833A00FDC691 /* BQTestModel.swift */,
			);
			path = Model;
			sourceTree = "<group>";
		};
		34BE76EC1C32833A00FDC691 /* View */ = {
			isa = PBXGroup;
			children = (
				34BE76ED1C32833A00FDC691 /* BQCollectionCell.swift */,
				34BE76EE1C32833A00FDC691 /* BQCollectionCell.xib */,
			);
			path = View;
			sourceTree = "<group>";
		};
		34BE76EF1C32833A00FDC691 /* ViewModel */ = {
			isa = PBXGroup;
			children = (
				34BE76F01C32833A00FDC691 /* BQViewModel2.swift */,
			);
			path = ViewModel;
			sourceTree = "<group>";
		};
		34BE77241C32835A00FDC691 /* Supporting Files */ = {
			isa = PBXGroup;
			children = (
				34BE77251C32837A00FDC691 /* LaunchScreen.xib */,
				34BE77261C32837A00FDC691 /* Main.storyboard */,
				34BE77271C32837A00FDC691 /* MVVMFramework-Swift-Bridge.h */,
				34BE76741C32831F00FDC691 /* Info.plist */,
				34BE766F1C32831F00FDC691 /* Assets.xcassets */,
			);
			name = "Supporting Files";
			sourceTree = "<group>";
		};
/* End PBXGroup section */

/* Begin PBXNativeTarget section */
		34BE76641C32831F00FDC691 /* MVVMFramework-Swift */ = {
			isa = PBXNativeTarget;
			buildConfigurationList = 34BE76771C32831F00FDC691 /* Build configuration list for PBXNativeTarget "MVVMFramework-Swift" */;
			buildPhases = (
				34BE76611C32831F00FDC691 /* Sources */,
				34BE76621C32831F00FDC691 /* Frameworks */,
				34BE76631C32831F00FDC691 /* Resources */,
			);
			buildRules = (
			);
			dependencies = (
			);
			name = "MVVMFramework-Swift";
			productName = "MVVMFramework-Swift";
			productReference = 34BE76651C32831F00FDC691 /* MVVMFramework-Swift.app */;
			productType = "com.apple.product-type.application";
		};
/* End PBXNativeTarget section */

/* Begin PBXProject section */
		34BE765D1C32831F00FDC691 /* Project object */ = {
			isa = PBXProject;
			attributes = {
				LastSwiftUpdateCheck = 0720;
				LastUpgradeCheck = 0720;
				ORGANIZATIONNAME = momo;
				TargetAttributes = {
					34BE76641C32831F00FDC691 = {
						CreatedOnToolsVersion = 7.2;
					};
				};
			};
			buildConfigurationList = 34BE76601C32831F00FDC691 /* Build configuration list for PBXProject "MVVMFramework-Swift" */;
			compatibilityVersion = "Xcode 3.2";
			developmentRegion = English;
			hasScannedForEncodings = 0;
			knownRegions = (
				en,
				Base,
			);
			mainGroup = 34BE765C1C32831F00FDC691;
			productRefGroup = 34BE76661C32831F00FDC691 /* Products */;
			projectDirPath = "";
			projectRoot = "";
			targets = (
				34BE76641C32831F00FDC691 /* MVVMFramework-Swift */,
			);
		};
/* End PBXProject section */

/* Begin PBXResourcesBuildPhase section */
		34BE76631C32831F00FDC691 /* Resources */ = {
			isa = PBXResourcesBuildPhase;
			buildActionMask = 2147483647;
			files = (
				34BE77291C32837A00FDC691 /* Main.storyboard in Resources */,
				34BE770A1C32833A00FDC691 /* MJRefresh.bundle in Resources */,
				34BE77101C32833A00FDC691 /* SVProgressHUD.bundle in Resources */,
				34BE771D1C32833A00FDC691 /* BQCell.xib in Resources */,
				34BE76701C32831F00FDC691 /* Assets.xcassets in Resources */,
				34BE77281C32837A00FDC691 /* LaunchScreen.xib in Resources */,
				34BE77221C32833A00FDC691 /* BQCollectionCell.xib in Resources */,
			);
			runOnlyForDeploymentPostprocessing = 0;
		};
/* End PBXResourcesBuildPhase section */

/* Begin PBXSourcesBuildPhase section */
		34BE76611C32831F00FDC691 /* Sources */ = {
			isa = PBXSourcesBuildPhase;
			buildActionMask = 2147483647;
			files = (
				34BE770C1C32833A00FDC691 /* UIScrollView+MJExtension.m in Sources */,
				34BE770B1C32833A00FDC691 /* MJRefreshConst.m in Sources */,
				34BE771F1C32833A00FDC691 /* BQViewController2.swift in Sources */,
				34BE77181C32833A00FDC691 /* AppDelegate.swift in Sources */,
				34BE771A1C32833A00FDC691 /* BQViewController.swift in Sources */,
				34BE76F91C32833A00FDC691 /* AFURLRequestSerialization.m in Sources */,
				34BE77011C32833A00FDC691 /* MJRefreshAutoGifFooter.m in Sources */,
				34BE770D1C32833A00FDC691 /* UIScrollView+MJRefresh.m in Sources */,
				34BE770F1C32833A00FDC691 /* SVIndefiniteAnimatedView.m in Sources */,
				34BE771B1C32833A00FDC691 /* BQModel.swift in Sources */,
				34BE76FD1C32833A00FDC691 /* MJRefreshBackFooter.m in Sources */,
				34BE771C1C32833A00FDC691 /* BQCell.swift in Sources */,
				34BE77171C32833A00FDC691 /* BQHttpTool.m in Sources */,
				34BE77071C32833A00FDC691 /* MJRefreshGifHeader.m in Sources */,
				34BE77041C32833A00FDC691 /* MJRefreshBackGifFooter.m in Sources */,
				34BE77091C32833A00FDC691 /* MJRefreshStateHeader.m in Sources */,
				34BE76F41C32833A00FDC691 /* UICollectionViewCell+Extension.swift in Sources */,
				34BE76F51C32833A00FDC691 /* XTCollectionDataDelegate.swift in Sources */,
				34BE77021C32833A00FDC691 /* MJRefreshAutoNormalFooter.m in Sources */,
				34BE76FE1C32833A00FDC691 /* MJRefreshComponent.m in Sources */,
				34BE77211C32833A00FDC691 /* BQCollectionCell.swift in Sources */,
				34BE76F31C32833A00FDC691 /* XTableDataDelegate.swift in Sources */,
				34BE76FB1C32833A00FDC691 /* AFURLSessionManager.m in Sources */,
				34BE770E1C32833A00FDC691 /* UIView+MJExtension.m in Sources */,
				34BE76FA1C32833A00FDC691 /* AFURLResponseSerialization.m in Sources */,
				34BE771E1C32833A00FDC691 /* BQViewModel.swift in Sources */,
				34BE76F71C32833A00FDC691 /* AFNetworkReachabilityManager.m in Sources */,
				34BE77121C32833A00FDC691 /* SVRadialGradientLayer.m in Sources */,
				34BE77231C32833A00FDC691 /* BQViewModel2.swift in Sources */,
				34BE77061C32833A00FDC691 /* MJRefreshBackStateFooter.m in Sources */,
				34BE76F81C32833A00FDC691 /* AFSecurityPolicy.m in Sources */,
				34BE77141C32833A00FDC691 /* UITableView+FDKeyedHeightCache.m in Sources */,
				34BE76F61C32833A00FDC691 /* AFHTTPSessionManager.m in Sources */,
				34BE77201C32833A00FDC691 /* BQTestModel.swift in Sources */,
				34BE77001C32833A00FDC691 /* MJRefreshHeader.m in Sources */,
				34BE77051C32833A00FDC691 /* MJRefreshBackNormalFooter.m in Sources */,
				34BE77081C32833A00FDC691 /* MJRefreshNormalHeader.m in Sources */,
				34BE76F11C32833A00FDC691 /* BQBaseViewModel.swift in Sources */,
				34BE77031C32833A00FDC691 /* MJRefreshAutoStateFooter.m in Sources */,
				34BE77161C32833A00FDC691 /* UITableView+FDTemplateLayoutCellDebug.m in Sources */,
				34BE77151C32833A00FDC691 /* UITableView+FDTemplateLayoutCell.m in Sources */,
				34BE76FC1C32833A00FDC691 /* MJRefreshAutoFooter.m in Sources */,
				34BE76F21C32833A00FDC691 /* UITableViewCell+Extension.swift in Sources */,
				34BE77131C32833A00FDC691 /* UITableView+FDIndexPathHeightCache.m in Sources */,
				34BE77111C32833A00FDC691 /* SVProgressHUD.m in Sources */,
				34BE76FF1C32833A00FDC691 /* MJRefreshFooter.m in Sources */,
				34BE77191C32833A00FDC691 /* BYUIViewExt.swift in Sources */,
			);
			runOnlyForDeploymentPostprocessing = 0;
		};
/* End PBXSourcesBuildPhase section */

/* Begin XCBuildConfiguration section */
		34BE76751C32831F00FDC691 /* Debug */ = {
			isa = XCBuildConfiguration;
			buildSettings = {
				ALWAYS_SEARCH_USER_PATHS = NO;
				CLANG_CXX_LANGUAGE_STANDARD = "gnu++0x";
				CLANG_CXX_LIBRARY = "libc++";
				CLANG_ENABLE_MODULES = YES;
				CLANG_ENABLE_OBJC_ARC = YES;
				CLANG_WARN_BOOL_CONVERSION = YES;
				CLANG_WARN_CONSTANT_CONVERSION = YES;
				CLANG_WARN_DIRECT_OBJC_ISA_USAGE = YES_ERROR;
				CLANG_WARN_EMPTY_BODY = YES;
				CLANG_WARN_ENUM_CONVERSION = YES;
				CLANG_WARN_INT_CONVERSION = YES;
				CLANG_WARN_OBJC_ROOT_CLASS = YES_ERROR;
				CLANG_WARN_UNREACHABLE_CODE = YES;
				CLANG_WARN__DUPLICATE_METHOD_MATCH = YES;
				"CODE_SIGN_IDENTITY[sdk=iphoneos*]" = "iPhone Developer";
				COPY_PHASE_STRIP = NO;
				DEBUG_INFORMATION_FORMAT = dwarf;
				ENABLE_STRICT_OBJC_MSGSEND = YES;
				ENABLE_TESTABILITY = YES;
				GCC_C_LANGUAGE_STANDARD = gnu99;
				GCC_DYNAMIC_NO_PIC = NO;
				GCC_NO_COMMON_BLOCKS = YES;
				GCC_OPTIMIZATION_LEVEL = 0;
				GCC_PREPROCESSOR_DEFINITIONS = (
					"DEBUG=1",
					"$(inherited)",
				);
				GCC_WARN_64_TO_32_BIT_CONVERSION = YES;
				GCC_WARN_ABOUT_RETURN_TYPE = YES_ERROR;
				GCC_WARN_UNDECLARED_SELECTOR = YES;
				GCC_WARN_UNINITIALIZED_AUTOS = YES_AGGRESSIVE;
				GCC_WARN_UNUSED_FUNCTION = YES;
				GCC_WARN_UNUSED_VARIABLE = YES;
				IPHONEOS_DEPLOYMENT_TARGET = 8.0;
				MTL_ENABLE_DEBUG_INFO = YES;
				ONLY_ACTIVE_ARCH = YES;
				SDKROOT = iphoneos;
				SWIFT_OPTIMIZATION_LEVEL = "-Onone";
				TARGETED_DEVICE_FAMILY = "1,2";
			};
			name = Debug;
		};
		34BE76761C32831F00FDC691 /* Release */ = {
			isa = XCBuildConfiguration;
			buildSettings = {
				ALWAYS_SEARCH_USER_PATHS = NO;
				CLANG_CXX_LANGUAGE_STANDARD = "gnu++0x";
				CLANG_CXX_LIBRARY = "libc++";
				CLANG_ENABLE_MODULES = YES;
				CLANG_ENABLE_OBJC_ARC = YES;
				CLANG_WARN_BOOL_CONVERSION = YES;
				CLANG_WARN_CONSTANT_CONVERSION = YES;
				CLANG_WARN_DIRECT_OBJC_ISA_USAGE = YES_ERROR;
				CLANG_WARN_EMPTY_BODY = YES;
				CLANG_WARN_ENUM_CONVERSION = YES;
				CLANG_WARN_INT_CONVERSION = YES;
				CLANG_WARN_OBJC_ROOT_CLASS = YES_ERROR;
				CLANG_WARN_UNREACHABLE_CODE = YES;
				CLANG_WARN__DUPLICATE_METHOD_MATCH = YES;
				"CODE_SIGN_IDENTITY[sdk=iphoneos*]" = "iPhone Developer";
				COPY_PHASE_STRIP = NO;
				DEBUG_INFORMATION_FORMAT = "dwarf-with-dsym";
				ENABLE_NS_ASSERTIONS = NO;
				ENABLE_STRICT_OBJC_MSGSEND = YES;
				GCC_C_LANGUAGE_STANDARD = gnu99;
				GCC_NO_COMMON_BLOCKS = YES;
				GCC_WARN_64_TO_32_BIT_CONVERSION = YES;
				GCC_WARN_ABOUT_RETURN_TYPE = YES_ERROR;
				GCC_WARN_UNDECLARED_SELECTOR = YES;
				GCC_WARN_UNINITIALIZED_AUTOS = YES_AGGRESSIVE;
				GCC_WARN_UNUSED_FUNCTION = YES;
				GCC_WARN_UNUSED_VARIABLE = YES;
				IPHONEOS_DEPLOYMENT_TARGET = 8.0;
				MTL_ENABLE_DEBUG_INFO = NO;
				SDKROOT = iphoneos;
				TARGETED_DEVICE_FAMILY = "1,2";
				VALIDATE_PRODUCT = YES;
			};
			name = Release;
		};
		34BE76781C32831F00FDC691 /* Debug */ = {
			isa = XCBuildConfiguration;
			buildSettings = {
				ASSETCATALOG_COMPILER_APPICON_NAME = AppIcon;
				INFOPLIST_FILE = "MVVMFramework-Swift/Info.plist";
				IPHONEOS_DEPLOYMENT_TARGET = 8.0;
				LD_RUNPATH_SEARCH_PATHS = "$(inherited) @executable_path/Frameworks";
				PRODUCT_BUNDLE_IDENTIFIER = "hesq.MVVMFramework-Swift";
				PRODUCT_NAME = "$(TARGET_NAME)";
				SWIFT_OBJC_BRIDGING_HEADER = "MVVMFramework-Swift/MVVMFramework-Swift-Bridge.h";
			};
			name = Debug;
		};
		34BE76791C32831F00FDC691 /* Release */ = {
			isa = XCBuildConfiguration;
			buildSettings = {
				ASSETCATALOG_COMPILER_APPICON_NAME = AppIcon;
				INFOPLIST_FILE = "MVVMFramework-Swift/Info.plist";
				IPHONEOS_DEPLOYMENT_TARGET = 8.0;
				LD_RUNPATH_SEARCH_PATHS = "$(inherited) @executable_path/Frameworks";
				PRODUCT_BUNDLE_IDENTIFIER = "hesq.MVVMFramework-Swift";
				PRODUCT_NAME = "$(TARGET_NAME)";
				SWIFT_OBJC_BRIDGING_HEADER = "MVVMFramework-Swift/MVVMFramework-Swift-Bridge.h";
			};
			name = Release;
		};
/* End XCBuildConfiguration section */

/* Begin XCConfigurationList section */
		34BE76601C32831F00FDC691 /* Build configuration list for PBXProject "MVVMFramework-Swift" */ = {
			isa = XCConfigurationList;
			buildConfigurations = (
				34BE76751C32831F00FDC691 /* Debug */,
				34BE76761C32831F00FDC691 /* Release */,
			);
			defaultConfigurationIsVisible = 0;
			defaultConfigurationName = Release;
		};
		34BE76771C32831F00FDC691 /* Build configuration list for PBXNativeTarget "MVVMFramework-Swift" */ = {
			isa = XCConfigurationList;
			buildConfigurations = (
				34BE76781C32831F00FDC691 /* Debug */,
				34BE76791C32831F00FDC691 /* Release */,
			);
			defaultConfigurationIsVisible = 0;
			defaultConfigurationName = Release;
		};
/* End XCConfigurationList section */
	};
	rootObject = 34BE765D1C32831F00FDC691 /* Project object */;
}
