// !$*UTF8*$!
{
	archiveVersion = 1;
	classes = {
	};
	objectVersion = 46;
	objects = {

/* Begin PBXBuildFile section */
		045713B91C8DC8750080A837 /* AFNetworking.framework in Frameworks */ = {isa = PBXBuildFile; fileRef = 045713AF1C8DC8750080A837 /* AFNetworking.framework */; };
		045713BA1C8DC8750080A837 /* FDFullscreenPopGesture.framework in Frameworks */ = {isa = PBXBuildFile; fileRef = 045713B01C8DC8750080A837 /* FDFullscreenPopGesture.framework */; };
		045713BB1C8DC8750080A837 /* FMDB.framework in Frameworks */ = {isa = PBXBuildFile; fileRef = 045713B11C8DC8750080A837 /* FMDB.framework */; };
		045713BC1C8DC8750080A837 /* MJExtension.framework in Frameworks */ = {isa = PBXBuildFile; fileRef = 045713B21C8DC8750080A837 /* MJExtension.framework */; };
		045713BD1C8DC8750080A837 /* MJRefresh.framework in Frameworks */ = {isa = PBXBuildFile; fileRef = 045713B31C8DC8750080A837 /* MJRefresh.framework */; };
		045713BF1C8DC8750080A837 /* SnapKit.framework in Frameworks */ = {isa = PBXBuildFile; fileRef = 045713B51C8DC8750080A837 /* SnapKit.framework */; };
		045713C01C8DC8750080A837 /* SUIMVVMNetwork.framework in Frameworks */ = {isa = PBXBuildFile; fileRef = 045713B61C8DC8750080A837 /* SUIMVVMNetwork.framework */; };
		045713C11C8DC8750080A837 /* SUIMVVMStore.framework in Frameworks */ = {isa = PBXBuildFile; fileRef = 045713B71C8DC8750080A837 /* SUIMVVMStore.framework */; };
		04578F771C8DB34E003ED896 /* libsqlite3.tbd in Frameworks */ = {isa = PBXBuildFile; fileRef = 04578F761C8DB34E003ED896 /* libsqlite3.tbd */; };
		341692C81C8E95C60047B11E /* SMKBaseCollectionViewManger.swift in Sources */ = {isa = PBXBuildFile; fileRef = 341692B81C8E95C60047B11E /* SMKBaseCollectionViewManger.swift */; };
		341692C91C8E95C60047B11E /* SMKBaseTableViewManger.swift in Sources */ = {isa = PBXBuildFile; fileRef = 341692B91C8E95C60047B11E /* SMKBaseTableViewManger.swift */; };
		341692CA1C8E95C60047B11E /* SMKBaseViewManger.swift in Sources */ = {isa = PBXBuildFile; fileRef = 341692BA1C8E95C60047B11E /* SMKBaseViewManger.swift */; };
		341692CB1C8E95C60047B11E /* SMKBaseViewModel.swift in Sources */ = {isa = PBXBuildFile; fileRef = 341692BC1C8E95C60047B11E /* SMKBaseViewModel.swift */; };
		341692CC1C8E95C60047B11E /* UICollectionView+Extension.swift in Sources */ = {isa = PBXBuildFile; fileRef = 341692BE1C8E95C60047B11E /* UICollectionView+Extension.swift */; };
		341692CD1C8E95C60047B11E /* UICollectionViewCell+Extension.swift in Sources */ = {isa = PBXBuildFile; fileRef = 341692BF1C8E95C60047B11E /* UICollectionViewCell+Extension.swift */; };
		341692CE1C8E95C60047B11E /* UITableView+Extension.swift in Sources */ = {isa = PBXBuildFile; fileRef = 341692C01C8E95C60047B11E /* UITableView+Extension.swift */; };
		341692CF1C8E95C60047B11E /* UITableViewCell+Extension.swift in Sources */ = {isa = PBXBuildFile; fileRef = 341692C11C8E95C60047B11E /* UITableViewCell+Extension.swift */; };
		341692D01C8E95C60047B11E /* UIView+Configure.swift in Sources */ = {isa = PBXBuildFile; fileRef = 341692C21C8E95C60047B11E /* UIView+Configure.swift */; };
		341692D11C8E95C60047B11E /* SMKViewMangerProtocolDelegate.swift in Sources */ = {isa = PBXBuildFile; fileRef = 341692C51C8E95C60047B11E /* SMKViewMangerProtocolDelegate.swift */; };
		341692D21C8E95C60047B11E /* SMKViewModelProtocolDelegate.swift in Sources */ = {isa = PBXBuildFile; fileRef = 341692C61C8E95C60047B11E /* SMKViewModelProtocolDelegate.swift */; };
		341692D31C8E95C60047B11E /* SMKViewProtocolDelegate.swift in Sources */ = {isa = PBXBuildFile; fileRef = 341692C71C8E95C60047B11E /* SMKViewProtocolDelegate.swift */; };
		341693261C8EB1350047B11E /* FirstVC.swift in Sources */ = {isa = PBXBuildFile; fileRef = 341692F51C8EB1350047B11E /* FirstVC.swift */; };
		341693271C8EB1350047B11E /* FirstModel.swift in Sources */ = {isa = PBXBuildFile; fileRef = 341692F71C8EB1350047B11E /* FirstModel.swift */; };
		341693281C8EB1350047B11E /* BQCell.swift in Sources */ = {isa = PBXBuildFile; fileRef = 341692F91C8EB1350047B11E /* BQCell.swift */; };
		341693291C8EB1350047B11E /* BQCell.xib in Resources */ = {isa = PBXBuildFile; fileRef = 341692FA1C8EB1350047B11E /* BQCell.xib */; };
		3416932A1C8EB1350047B11E /* BQViewModel.swift in Sources */ = {isa = PBXBuildFile; fileRef = 341692FC1C8EB1350047B11E /* BQViewModel.swift */; };
		3416932B1C8EB1350047B11E /* FourthVC.swift in Sources */ = {isa = PBXBuildFile; fileRef = 341692FF1C8EB1350047B11E /* FourthVC.swift */; };
		3416932C1C8EB1350047B11E /* FourthModel.swift in Sources */ = {isa = PBXBuildFile; fileRef = 341693011C8EB1350047B11E /* FourthModel.swift */; };
		3416932D1C8EB1350047B11E /* FourthView.swift in Sources */ = {isa = PBXBuildFile; fileRef = 341693041C8EB1350047B11E /* FourthView.swift */; };
		3416932E1C8EB1350047B11E /* FourthView.xib in Resources */ = {isa = PBXBuildFile; fileRef = 341693051C8EB1350047B11E /* FourthView.xib */; };
		3416932F1C8EB1350047B11E /* FourthView2.swift in Sources */ = {isa = PBXBuildFile; fileRef = 341693071C8EB1350047B11E /* FourthView2.swift */; };
		341693301C8EB1350047B11E /* FourthView2.xib in Resources */ = {isa = PBXBuildFile; fileRef = 341693081C8EB1350047B11E /* FourthView2.xib */; };
		341693311C8EB1350047B11E /* FourthViewManger.swift in Sources */ = {isa = PBXBuildFile; fileRef = 3416930B1C8EB1350047B11E /* FourthViewManger.swift */; };
		341693321C8EB1350047B11E /* FourthViewManger2.swift in Sources */ = {isa = PBXBuildFile; fileRef = 3416930D1C8EB1350047B11E /* FourthViewManger2.swift */; };
		341693331C8EB1350047B11E /* FourthViewModel.swift in Sources */ = {isa = PBXBuildFile; fileRef = 3416930F1C8EB1350047B11E /* FourthViewModel.swift */; };
		341693341C8EB1350047B11E /* SecondVC.swift in Sources */ = {isa = PBXBuildFile; fileRef = 341693121C8EB1350047B11E /* SecondVC.swift */; };
		341693351C8EB1350047B11E /* BQTestModel.swift in Sources */ = {isa = PBXBuildFile; fileRef = 341693141C8EB1350047B11E /* BQTestModel.swift */; };
		341693361C8EB1350047B11E /* BQCollectionCell.swift in Sources */ = {isa = PBXBuildFile; fileRef = 341693161C8EB1350047B11E /* BQCollectionCell.swift */; };
		341693371C8EB1350047B11E /* BQCollectionCell.xib in Resources */ = {isa = PBXBuildFile; fileRef = 341693171C8EB1350047B11E /* BQCollectionCell.xib */; };
		341693381C8EB1350047B11E /* BQViewModel2.swift in Sources */ = {isa = PBXBuildFile; fileRef = 341693191C8EB1350047B11E /* BQViewModel2.swift */; };
		341693391C8EB1350047B11E /* ThirdVC.swift in Sources */ = {isa = PBXBuildFile; fileRef = 3416931C1C8EB1350047B11E /* ThirdVC.swift */; };
		3416933A1C8EB1350047B11E /* ThirdModel.swift in Sources */ = {isa = PBXBuildFile; fileRef = 3416931E1C8EB1350047B11E /* ThirdModel.swift */; };
		3416933B1C8EB1350047B11E /* ThirdView.swift in Sources */ = {isa = PBXBuildFile; fileRef = 341693201C8EB1350047B11E /* ThirdView.swift */; };
		3416933C1C8EB1350047B11E /* ThirdView.xib in Resources */ = {isa = PBXBuildFile; fileRef = 341693211C8EB1350047B11E /* ThirdView.xib */; };
		3416933D1C8EB1350047B11E /* ThirdViewManger.swift in Sources */ = {isa = PBXBuildFile; fileRef = 341693231C8EB1350047B11E /* ThirdViewManger.swift */; };
		3416933E1C8EB1350047B11E /* ThirdViewModel.swift in Sources */ = {isa = PBXBuildFile; fileRef = 341693251C8EB1350047B11E /* ThirdViewModel.swift */; };
		347273571C8D545A00684DBC /* BHNavViewController.m in Sources */ = {isa = PBXBuildFile; fileRef = 347272F21C8D545A00684DBC /* BHNavViewController.m */; };
		347273581C8D545A00684DBC /* AppDelegate.swift in Sources */ = {isa = PBXBuildFile; fileRef = 347272FC1C8D545A00684DBC /* AppDelegate.swift */; };
		347273751C8D545A00684DBC /* Foundation+Log.m in Sources */ = {isa = PBXBuildFile; fileRef = 347273511C8D545A00684DBC /* Foundation+Log.m */; };
		347274D11C8D6B8500684DBC /* Main.storyboard in Resources */ = {isa = PBXBuildFile; fileRef = 347274D01C8D6B8500684DBC /* Main.storyboard */; };
		347274E31C8D783600684DBC /* Images.xcassets in Resources */ = {isa = PBXBuildFile; fileRef = 347274E21C8D783600684DBC /* Images.xcassets */; };
		34C7BAE51C91209900833B60 /* UIView+Extension.swift in Sources */ = {isa = PBXBuildFile; fileRef = 34C7BAE41C91209900833B60 /* UIView+Extension.swift */; };
		75DF62058BFE0811181304E5 /* Pods.framework in Frameworks */ = {isa = PBXBuildFile; fileRef = 3041205DE2D15485DFFA4E02 /* Pods.framework */; };
/* End PBXBuildFile section */

/* Begin PBXFileReference section */
		045713AF1C8DC8750080A837 /* AFNetworking.framework */ = {isa = PBXFileReference; lastKnownFileType = wrapper.framework; name = AFNetworking.framework; path = "Pods/../build/Debug-iphoneos/AFNetworking.framework"; sourceTree = "<group>"; };
		045713B01C8DC8750080A837 /* FDFullscreenPopGesture.framework */ = {isa = PBXFileReference; lastKnownFileType = wrapper.framework; name = FDFullscreenPopGesture.framework; path = "Pods/../build/Debug-iphoneos/FDFullscreenPopGesture.framework"; sourceTree = "<group>"; };
		045713B11C8DC8750080A837 /* FMDB.framework */ = {isa = PBXFileReference; lastKnownFileType = wrapper.framework; name = FMDB.framework; path = "Pods/../build/Debug-iphoneos/FMDB.framework"; sourceTree = "<group>"; };
		045713B21C8DC8750080A837 /* MJExtension.framework */ = {isa = PBXFileReference; lastKnownFileType = wrapper.framework; name = MJExtension.framework; path = "Pods/../build/Debug-iphoneos/MJExtension.framework"; sourceTree = "<group>"; };
		045713B31C8DC8750080A837 /* MJRefresh.framework */ = {isa = PBXFileReference; lastKnownFileType = wrapper.framework; name = MJRefresh.framework; path = "Pods/../build/Debug-iphoneos/MJRefresh.framework"; sourceTree = "<group>"; };
		045713B41C8DC8750080A837 /* SDWebImage.framework */ = {isa = PBXFileReference; lastKnownFileType = wrapper.framework; name = SDWebImage.framework; path = "Pods/../build/Debug-iphoneos/SDWebImage.framework"; sourceTree = "<group>"; };
		045713B51C8DC8750080A837 /* SnapKit.framework */ = {isa = PBXFileReference; lastKnownFileType = wrapper.framework; name = SnapKit.framework; path = "Pods/../build/Debug-iphoneos/SnapKit.framework"; sourceTree = "<group>"; };
		045713B61C8DC8750080A837 /* SUIMVVMNetwork.framework */ = {isa = PBXFileReference; lastKnownFileType = wrapper.framework; name = SUIMVVMNetwork.framework; path = "Pods/../build/Debug-iphoneos/SUIMVVMNetwork.framework"; sourceTree = "<group>"; };
		045713B71C8DC8750080A837 /* SUIMVVMStore.framework */ = {isa = PBXFileReference; lastKnownFileType = wrapper.framework; name = SUIMVVMStore.framework; path = "Pods/../build/Debug-iphoneos/SUIMVVMStore.framework"; sourceTree = "<group>"; };
		045713B81C8DC8750080A837 /* SVProgressHUD.framework */ = {isa = PBXFileReference; lastKnownFileType = wrapper.framework; name = SVProgressHUD.framework; path = "Pods/../build/Debug-iphoneos/SVProgressHUD.framework"; sourceTree = "<group>"; };
		04578F761C8DB34E003ED896 /* libsqlite3.tbd */ = {isa = PBXFileReference; lastKnownFileType = "sourcecode.text-based-dylib-definition"; name = libsqlite3.tbd; path = usr/lib/libsqlite3.tbd; sourceTree = SDKROOT; };
		3041205DE2D15485DFFA4E02 /* Pods.framework */ = {isa = PBXFileReference; explicitFileType = wrapper.framework; includeInIndex = 0; path = Pods.framework; sourceTree = BUILT_PRODUCTS_DIR; };
		341692B81C8E95C60047B11E /* SMKBaseCollectionViewManger.swift */ = {isa = PBXFileReference; fileEncoding = 4; lastKnownFileType = sourcecode.swift; path = SMKBaseCollectionViewManger.swift; sourceTree = "<group>"; };
		341692B91C8E95C60047B11E /* SMKBaseTableViewManger.swift */ = {isa = PBXFileReference; fileEncoding = 4; lastKnownFileType = sourcecode.swift; path = SMKBaseTableViewManger.swift; sourceTree = "<group>"; };
		341692BA1C8E95C60047B11E /* SMKBaseViewManger.swift */ = {isa = PBXFileReference; fileEncoding = 4; lastKnownFileType = sourcecode.swift; path = SMKBaseViewManger.swift; sourceTree = "<group>"; };
		341692BC1C8E95C60047B11E /* SMKBaseViewModel.swift */ = {isa = PBXFileReference; fileEncoding = 4; lastKnownFileType = sourcecode.swift; path = SMKBaseViewModel.swift; sourceTree = "<group>"; };
		341692BE1C8E95C60047B11E /* UICollectionView+Extension.swift */ = {isa = PBXFileReference; fileEncoding = 4; lastKnownFileType = sourcecode.swift; path = "UICollectionView+Extension.swift"; sourceTree = "<group>"; };
		341692BF1C8E95C60047B11E /* UICollectionViewCell+Extension.swift */ = {isa = PBXFileReference; fileEncoding = 4; lastKnownFileType = sourcecode.swift; path = "UICollectionViewCell+Extension.swift"; sourceTree = "<group>"; };
		341692C01C8E95C60047B11E /* UITableView+Extension.swift */ = {isa = PBXFileReference; fileEncoding = 4; lastKnownFileType = sourcecode.swift; path = "UITableView+Extension.swift"; sourceTree = "<group>"; };
		341692C11C8E95C60047B11E /* UITableViewCell+Extension.swift */ = {isa = PBXFileReference; fileEncoding = 4; lastKnownFileType = sourcecode.swift; path = "UITableViewCell+Extension.swift"; sourceTree = "<group>"; };
		341692C21C8E95C60047B11E /* UIView+Configure.swift */ = {isa = PBXFileReference; fileEncoding = 4; lastKnownFileType = sourcecode.swift; path = "UIView+Configure.swift"; sourceTree = "<group>"; };
		341692C51C8E95C60047B11E /* SMKViewMangerProtocolDelegate.swift */ = {isa = PBXFileReference; fileEncoding = 4; lastKnownFileType = sourcecode.swift; path = SMKViewMangerProtocolDelegate.swift; sourceTree = "<group>"; };
		341692C61C8E95C60047B11E /* SMKViewModelProtocolDelegate.swift */ = {isa = PBXFileReference; fileEncoding = 4; lastKnownFileType = sourcecode.swift; path = SMKViewModelProtocolDelegate.swift; sourceTree = "<group>"; };
		341692C71C8E95C60047B11E /* SMKViewProtocolDelegate.swift */ = {isa = PBXFileReference; fileEncoding = 4; lastKnownFileType = sourcecode.swift; path = SMKViewProtocolDelegate.swift; sourceTree = "<group>"; };
		341692F51C8EB1350047B11E /* FirstVC.swift */ = {isa = PBXFileReference; fileEncoding = 4; lastKnownFileType = sourcecode.swift; path = FirstVC.swift; sourceTree = "<group>"; };
		341692F71C8EB1350047B11E /* FirstModel.swift */ = {isa = PBXFileReference; fileEncoding = 4; lastKnownFileType = sourcecode.swift; path = FirstModel.swift; sourceTree = "<group>"; };
		341692F91C8EB1350047B11E /* BQCell.swift */ = {isa = PBXFileReference; fileEncoding = 4; lastKnownFileType = sourcecode.swift; path = BQCell.swift; sourceTree = "<group>"; };
		341692FA1C8EB1350047B11E /* BQCell.xib */ = {isa = PBXFileReference; fileEncoding = 4; lastKnownFileType = file.xib; path = BQCell.xib; sourceTree = "<group>"; };
		341692FC1C8EB1350047B11E /* BQViewModel.swift */ = {isa = PBXFileReference; fileEncoding = 4; lastKnownFileType = sourcecode.swift; path = BQViewModel.swift; sourceTree = "<group>"; };
		341692FF1C8EB1350047B11E /* FourthVC.swift */ = {isa = PBXFileReference; fileEncoding = 4; lastKnownFileType = sourcecode.swift; path = FourthVC.swift; sourceTree = "<group>"; };
		341693011C8EB1350047B11E /* FourthModel.swift */ = {isa = PBXFileReference; fileEncoding = 4; lastKnownFileType = sourcecode.swift; path = FourthModel.swift; sourceTree = "<group>"; };
		341693041C8EB1350047B11E /* FourthView.swift */ = {isa = PBXFileReference; fileEncoding = 4; lastKnownFileType = sourcecode.swift; path = FourthView.swift; sourceTree = "<group>"; };
		341693051C8EB1350047B11E /* FourthView.xib */ = {isa = PBXFileReference; fileEncoding = 4; lastKnownFileType = file.xib; path = FourthView.xib; sourceTree = "<group>"; };
		341693071C8EB1350047B11E /* FourthView2.swift */ = {isa = PBXFileReference; fileEncoding = 4; lastKnownFileType = sourcecode.swift; path = FourthView2.swift; sourceTree = "<group>"; };
		341693081C8EB1350047B11E /* FourthView2.xib */ = {isa = PBXFileReference; fileEncoding = 4; lastKnownFileType = file.xib; path = FourthView2.xib; sourceTree = "<group>"; };
		3416930B1C8EB1350047B11E /* FourthViewManger.swift */ = {isa = PBXFileReference; fileEncoding = 4; lastKnownFileType = sourcecode.swift; path = FourthViewManger.swift; sourceTree = "<group>"; };
		3416930D1C8EB1350047B11E /* FourthViewManger2.swift */ = {isa = PBXFileReference; fileEncoding = 4; lastKnownFileType = sourcecode.swift; path = FourthViewManger2.swift; sourceTree = "<group>"; };
		3416930F1C8EB1350047B11E /* FourthViewModel.swift */ = {isa = PBXFileReference; fileEncoding = 4; lastKnownFileType = sourcecode.swift; path = FourthViewModel.swift; sourceTree = "<group>"; };
		341693121C8EB1350047B11E /* SecondVC.swift */ = {isa = PBXFileReference; fileEncoding = 4; lastKnownFileType = sourcecode.swift; path = SecondVC.swift; sourceTree = "<group>"; };
		341693141C8EB1350047B11E /* BQTestModel.swift */ = {isa = PBXFileReference; fileEncoding = 4; lastKnownFileType = sourcecode.swift; path = BQTestModel.swift; sourceTree = "<group>"; };
		341693161C8EB1350047B11E /* BQCollectionCell.swift */ = {isa = PBXFileReference; fileEncoding = 4; lastKnownFileType = sourcecode.swift; path = BQCollectionCell.swift; sourceTree = "<group>"; };
		341693171C8EB1350047B11E /* BQCollectionCell.xib */ = {isa = PBXFileReference; fileEncoding = 4; lastKnownFileType = file.xib; path = BQCollectionCell.xib; sourceTree = "<group>"; };
		341693191C8EB1350047B11E /* BQViewModel2.swift */ = {isa = PBXFileReference; fileEncoding = 4; lastKnownFileType = sourcecode.swift; path = BQViewModel2.swift; sourceTree = "<group>"; };
		3416931C1C8EB1350047B11E /* ThirdVC.swift */ = {isa = PBXFileReference; fileEncoding = 4; lastKnownFileType = sourcecode.swift; path = ThirdVC.swift; sourceTree = "<group>"; };
		3416931E1C8EB1350047B11E /* ThirdModel.swift */ = {isa = PBXFileReference; fileEncoding = 4; lastKnownFileType = sourcecode.swift; path = ThirdModel.swift; sourceTree = "<group>"; };
		341693201C8EB1350047B11E /* ThirdView.swift */ = {isa = PBXFileReference; fileEncoding = 4; lastKnownFileType = sourcecode.swift; path = ThirdView.swift; sourceTree = "<group>"; };
		341693211C8EB1350047B11E /* ThirdView.xib */ = {isa = PBXFileReference; fileEncoding = 4; lastKnownFileType = file.xib; path = ThirdView.xib; sourceTree = "<group>"; };
		341693231C8EB1350047B11E /* ThirdViewManger.swift */ = {isa = PBXFileReference; fileEncoding = 4; lastKnownFileType = sourcecode.swift; path = ThirdViewManger.swift; sourceTree = "<group>"; };
		341693251C8EB1350047B11E /* ThirdViewModel.swift */ = {isa = PBXFileReference; fileEncoding = 4; lastKnownFileType = sourcecode.swift; path = ThirdViewModel.swift; sourceTree = "<group>"; };
		3472718C1C8D501500684DBC /* SwiftMVVMKitDemo.app */ = {isa = PBXFileReference; explicitFileType = wrapper.application; includeInIndex = 0; path = SwiftMVVMKitDemo.app; sourceTree = BUILT_PRODUCTS_DIR; };
		347272EB1C8D545A00684DBC /* CategoryPublicHeader.h */ = {isa = PBXFileReference; fileEncoding = 4; lastKnownFileType = sourcecode.c.h; path = CategoryPublicHeader.h; sourceTree = "<group>"; };
		347272ED1C8D545A00684DBC /* ConstantPublicHeader.h */ = {isa = PBXFileReference; fileEncoding = 4; lastKnownFileType = sourcecode.c.h; path = ConstantPublicHeader.h; sourceTree = "<group>"; };
		347272F11C8D545A00684DBC /* BHNavViewController.h */ = {isa = PBXFileReference; fileEncoding = 4; lastKnownFileType = sourcecode.c.h; path = BHNavViewController.h; sourceTree = "<group>"; };
		347272F21C8D545A00684DBC /* BHNavViewController.m */ = {isa = PBXFileReference; fileEncoding = 4; lastKnownFileType = sourcecode.c.objc; path = BHNavViewController.m; sourceTree = "<group>"; };
		347272F41C8D545A00684DBC /* DataBasePublicHeader.h */ = {isa = PBXFileReference; fileEncoding = 4; lastKnownFileType = sourcecode.c.h; path = DataBasePublicHeader.h; sourceTree = "<group>"; };
		347272F61C8D545A00684DBC /* MacrosPublicHeader.h */ = {isa = PBXFileReference; fileEncoding = 4; lastKnownFileType = sourcecode.c.h; path = MacrosPublicHeader.h; sourceTree = "<group>"; };
		347272F81C8D545A00684DBC /* NetworkPublicHeader.h */ = {isa = PBXFileReference; fileEncoding = 4; lastKnownFileType = sourcecode.c.h; path = NetworkPublicHeader.h; sourceTree = "<group>"; };
		347272FA1C8D545A00684DBC /* ToolPublicHeader.h */ = {isa = PBXFileReference; fileEncoding = 4; lastKnownFileType = sourcecode.c.h; path = ToolPublicHeader.h; sourceTree = "<group>"; };
		347272FC1C8D545A00684DBC /* AppDelegate.swift */ = {isa = PBXFileReference; fileEncoding = 4; lastKnownFileType = sourcecode.swift; path = AppDelegate.swift; sourceTree = "<group>"; };
		347272FF1C8D545A00684DBC /* SwiftMVVMKit-Bridge-Header.h */ = {isa = PBXFileReference; fileEncoding = 4; lastKnownFileType = sourcecode.c.h; path = "SwiftMVVMKit-Bridge-Header.h"; sourceTree = "<group>"; };
		347273511C8D545A00684DBC /* Foundation+Log.m */ = {isa = PBXFileReference; fileEncoding = 4; lastKnownFileType = sourcecode.c.objc; path = "Foundation+Log.m"; sourceTree = "<group>"; };
		347273541C8D545A00684DBC /* LibraryPublicHeader.h */ = {isa = PBXFileReference; fileEncoding = 4; lastKnownFileType = sourcecode.c.h; path = LibraryPublicHeader.h; sourceTree = "<group>"; };
		347273561C8D545A00684DBC /* SDKFilePublicHeader.h */ = {isa = PBXFileReference; fileEncoding = 4; lastKnownFileType = sourcecode.c.h; path = SDKFilePublicHeader.h; sourceTree = "<group>"; };
		347274D01C8D6B8500684DBC /* Main.storyboard */ = {isa = PBXFileReference; fileEncoding = 4; lastKnownFileType = file.storyboard; path = Main.storyboard; sourceTree = "<group>"; };
		347274E21C8D783600684DBC /* Images.xcassets */ = {isa = PBXFileReference; lastKnownFileType = folder.assetcatalog; name = Images.xcassets; path = ../../../Images.xcassets; sourceTree = "<group>"; };
		34C7BAE41C91209900833B60 /* UIView+Extension.swift */ = {isa = PBXFileReference; fileEncoding = 4; lastKnownFileType = sourcecode.swift; path = "UIView+Extension.swift"; sourceTree = "<group>"; };
		9384533C28CD2B5533FEEDD1 /* Pods.release.xcconfig */ = {isa = PBXFileReference; includeInIndex = 1; lastKnownFileType = text.xcconfig; name = Pods.release.xcconfig; path = "Pods/Target Support Files/Pods/Pods.release.xcconfig"; sourceTree = "<group>"; };
		AC1E527310BADAA5220AC2FC /* Pods.debug.xcconfig */ = {isa = PBXFileReference; includeInIndex = 1; lastKnownFileType = text.xcconfig; name = Pods.debug.xcconfig; path = "Pods/Target Support Files/Pods/Pods.debug.xcconfig"; sourceTree = "<group>"; };
/* End PBXFileReference section */

/* Begin PBXFrameworksBuildPhase section */
		347271891C8D501500684DBC /* Frameworks */ = {
			isa = PBXFrameworksBuildPhase;
			buildActionMask = 2147483647;
			files = (
				045713B91C8DC8750080A837 /* AFNetworking.framework in Frameworks */,
				045713BA1C8DC8750080A837 /* FDFullscreenPopGesture.framework in Frameworks */,
				045713BB1C8DC8750080A837 /* FMDB.framework in Frameworks */,
				045713BC1C8DC8750080A837 /* MJExtension.framework in Frameworks */,
				045713BD1C8DC8750080A837 /* MJRefresh.framework in Frameworks */,
				045713BF1C8DC8750080A837 /* SnapKit.framework in Frameworks */,
				045713C01C8DC8750080A837 /* SUIMVVMNetwork.framework in Frameworks */,
				045713C11C8DC8750080A837 /* SUIMVVMStore.framework in Frameworks */,
				04578F771C8DB34E003ED896 /* libsqlite3.tbd in Frameworks */,
				75DF62058BFE0811181304E5 /* Pods.framework in Frameworks */,
			);
			runOnlyForDeploymentPostprocessing = 0;
		};
/* End PBXFrameworksBuildPhase section */

/* Begin PBXGroup section */
		0633CBF3BFA2E949FF67620A /* Frameworks */ = {
			isa = PBXGroup;
			children = (
				045713AF1C8DC8750080A837 /* AFNetworking.framework */,
				045713B01C8DC8750080A837 /* FDFullscreenPopGesture.framework */,
				045713B11C8DC8750080A837 /* FMDB.framework */,
				045713B21C8DC8750080A837 /* MJExtension.framework */,
				045713B31C8DC8750080A837 /* MJRefresh.framework */,
				045713B41C8DC8750080A837 /* SDWebImage.framework */,
				045713B51C8DC8750080A837 /* SnapKit.framework */,
				045713B61C8DC8750080A837 /* SUIMVVMNetwork.framework */,
				045713B71C8DC8750080A837 /* SUIMVVMStore.framework */,
				045713B81C8DC8750080A837 /* SVProgressHUD.framework */,
				04578F761C8DB34E003ED896 /* libsqlite3.tbd */,
				3041205DE2D15485DFFA4E02 /* Pods.framework */,
			);
			name = Frameworks;
			sourceTree = "<group>";
		};
		341692B51C8E95C60047B11E /* SwiftMVVMKit */ = {
			isa = PBXGroup;
			children = (
				341692B61C8E95C60047B11E /* Base */,
				341692BD1C8E95C60047B11E /* Extend */,
				341692C31C8E95C60047B11E /* Handler */,
				341692C41C8E95C60047B11E /* Protocol */,
			);
			path = SwiftMVVMKit;
			sourceTree = "<group>";
		};
		341692B61C8E95C60047B11E /* Base */ = {
			isa = PBXGroup;
			children = (
				341692B71C8E95C60047B11E /* ViewManger */,
				341692BB1C8E95C60047B11E /* ViewModel */,
			);
			path = Base;
			sourceTree = "<group>";
		};
		341692B71C8E95C60047B11E /* ViewManger */ = {
			isa = PBXGroup;
			children = (
				341692B81C8E95C60047B11E /* SMKBaseCollectionViewManger.swift */,
				341692B91C8E95C60047B11E /* SMKBaseTableViewManger.swift */,
				341692BA1C8E95C60047B11E /* SMKBaseViewManger.swift */,
			);
			path = ViewManger;
			sourceTree = "<group>";
		};
		341692BB1C8E95C60047B11E /* ViewModel */ = {
			isa = PBXGroup;
			children = (
				341692BC1C8E95C60047B11E /* SMKBaseViewModel.swift */,
			);
			path = ViewModel;
			sourceTree = "<group>";
		};
		341692BD1C8E95C60047B11E /* Extend */ = {
			isa = PBXGroup;
			children = (
				341692BE1C8E95C60047B11E /* UICollectionView+Extension.swift */,
				341692BF1C8E95C60047B11E /* UICollectionViewCell+Extension.swift */,
				341692C01C8E95C60047B11E /* UITableView+Extension.swift */,
				341692C11C8E95C60047B11E /* UITableViewCell+Extension.swift */,
				341692C21C8E95C60047B11E /* UIView+Configure.swift */,
				34C7BAE41C91209900833B60 /* UIView+Extension.swift */,
			);
			path = Extend;
			sourceTree = "<group>";
		};
		341692C31C8E95C60047B11E /* Handler */ = {
			isa = PBXGroup;
			children = (
			);
			path = Handler;
			sourceTree = "<group>";
		};
		341692C41C8E95C60047B11E /* Protocol */ = {
			isa = PBXGroup;
			children = (
				341692C51C8E95C60047B11E /* SMKViewMangerProtocolDelegate.swift */,
				341692C61C8E95C60047B11E /* SMKViewModelProtocolDelegate.swift */,
				341692C71C8E95C60047B11E /* SMKViewProtocolDelegate.swift */,
			);
			path = Protocol;
			sourceTree = "<group>";
		};
		341692F21C8EB1350047B11E /* Src */ = {
			isa = PBXGroup;
			children = (
				341692F31C8EB1350047B11E /* FirstExample */,
				341692FD1C8EB1350047B11E /* FourthExample */,
				341693101C8EB1350047B11E /* SecondExample */,
				3416931A1C8EB1350047B11E /* ThirdExample */,
			);
			path = Src;
			sourceTree = "<group>";
		};
		341692F31C8EB1350047B11E /* FirstExample */ = {
			isa = PBXGroup;
			children = (
				341692F41C8EB1350047B11E /* Controller */,
				341692F61C8EB1350047B11E /* Model */,
				341692F81C8EB1350047B11E /* View */,
				341692FB1C8EB1350047B11E /* ViewModel */,
			);
			path = FirstExample;
			sourceTree = "<group>";
		};
		341692F41C8EB1350047B11E /* Controller */ = {
			isa = PBXGroup;
			children = (
				341692F51C8EB1350047B11E /* FirstVC.swift */,
			);
			path = Controller;
			sourceTree = "<group>";
		};
		341692F61C8EB1350047B11E /* Model */ = {
			isa = PBXGroup;
			children = (
				341692F71C8EB1350047B11E /* FirstModel.swift */,
			);
			path = Model;
			sourceTree = "<group>";
		};
		341692F81C8EB1350047B11E /* View */ = {
			isa = PBXGroup;
			children = (
				341692F91C8EB1350047B11E /* BQCell.swift */,
				341692FA1C8EB1350047B11E /* BQCell.xib */,
			);
			path = View;
			sourceTree = "<group>";
		};
		341692FB1C8EB1350047B11E /* ViewModel */ = {
			isa = PBXGroup;
			children = (
				341692FC1C8EB1350047B11E /* BQViewModel.swift */,
			);
			path = ViewModel;
			sourceTree = "<group>";
		};
		341692FD1C8EB1350047B11E /* FourthExample */ = {
			isa = PBXGroup;
			children = (
				341692FE1C8EB1350047B11E /* Controller */,
				341693001C8EB1350047B11E /* Model */,
				341693021C8EB1350047B11E /* View */,
				341693091C8EB1350047B11E /* ViewManger */,
				3416930E1C8EB1350047B11E /* ViewModel */,
			);
			path = FourthExample;
			sourceTree = "<group>";
		};
		341692FE1C8EB1350047B11E /* Controller */ = {
			isa = PBXGroup;
			children = (
				341692FF1C8EB1350047B11E /* FourthVC.swift */,
			);
			path = Controller;
			sourceTree = "<group>";
		};
		341693001C8EB1350047B11E /* Model */ = {
			isa = PBXGroup;
			children = (
				341693011C8EB1350047B11E /* FourthModel.swift */,
			);
			path = Model;
			sourceTree = "<group>";
		};
		341693021C8EB1350047B11E /* View */ = {
			isa = PBXGroup;
			children = (
				341693031C8EB1350047B11E /* FourthView */,
				341693061C8EB1350047B11E /* FourthView2 */,
			);
			path = View;
			sourceTree = "<group>";
		};
		341693031C8EB1350047B11E /* FourthView */ = {
			isa = PBXGroup;
			children = (
				341693041C8EB1350047B11E /* FourthView.swift */,
				341693051C8EB1350047B11E /* FourthView.xib */,
			);
			path = FourthView;
			sourceTree = "<group>";
		};
		341693061C8EB1350047B11E /* FourthView2 */ = {
			isa = PBXGroup;
			children = (
				341693071C8EB1350047B11E /* FourthView2.swift */,
				341693081C8EB1350047B11E /* FourthView2.xib */,
			);
			path = FourthView2;
			sourceTree = "<group>";
		};
		341693091C8EB1350047B11E /* ViewManger */ = {
			isa = PBXGroup;
			children = (
				3416930A1C8EB1350047B11E /* FourthViewManger */,
				3416930C1C8EB1350047B11E /* FourthViewManger2 */,
			);
			path = ViewManger;
			sourceTree = "<group>";
		};
		3416930A1C8EB1350047B11E /* FourthViewManger */ = {
			isa = PBXGroup;
			children = (
				3416930B1C8EB1350047B11E /* FourthViewManger.swift */,
			);
			path = FourthViewManger;
			sourceTree = "<group>";
		};
		3416930C1C8EB1350047B11E /* FourthViewManger2 */ = {
			isa = PBXGroup;
			children = (
				3416930D1C8EB1350047B11E /* FourthViewManger2.swift */,
			);
			path = FourthViewManger2;
			sourceTree = "<group>";
		};
		3416930E1C8EB1350047B11E /* ViewModel */ = {
			isa = PBXGroup;
			children = (
				3416930F1C8EB1350047B11E /* FourthViewModel.swift */,
			);
			path = ViewModel;
			sourceTree = "<group>";
		};
		341693101C8EB1350047B11E /* SecondExample */ = {
			isa = PBXGroup;
			children = (
				341693111C8EB1350047B11E /* Controller */,
				341693131C8EB1350047B11E /* Model */,
				341693151C8EB1350047B11E /* View */,
				341693181C8EB1350047B11E /* ViewModel */,
			);
			path = SecondExample;
			sourceTree = "<group>";
		};
		341693111C8EB1350047B11E /* Controller */ = {
			isa = PBXGroup;
			children = (
				341693121C8EB1350047B11E /* SecondVC.swift */,
			);
			path = Controller;
			sourceTree = "<group>";
		};
		341693131C8EB1350047B11E /* Model */ = {
			isa = PBXGroup;
			children = (
				341693141C8EB1350047B11E /* BQTestModel.swift */,
			);
			path = Model;
			sourceTree = "<group>";
		};
		341693151C8EB1350047B11E /* View */ = {
			isa = PBXGroup;
			children = (
				341693161C8EB1350047B11E /* BQCollectionCell.swift */,
				341693171C8EB1350047B11E /* BQCollectionCell.xib */,
			);
			path = View;
			sourceTree = "<group>";
		};
		341693181C8EB1350047B11E /* ViewModel */ = {
			isa = PBXGroup;
			children = (
				341693191C8EB1350047B11E /* BQViewModel2.swift */,
			);
			path = ViewModel;
			sourceTree = "<group>";
		};
		3416931A1C8EB1350047B11E /* ThirdExample */ = {
			isa = PBXGroup;
			children = (
				3416931B1C8EB1350047B11E /* Controller */,
				3416931D1C8EB1350047B11E /* Model */,
				3416931F1C8EB1350047B11E /* View */,
				341693221C8EB1350047B11E /* ViewManger */,
				341693241C8EB1350047B11E /* ViewModel */,
			);
			path = ThirdExample;
			sourceTree = "<group>";
		};
		3416931B1C8EB1350047B11E /* Controller */ = {
			isa = PBXGroup;
			children = (
				3416931C1C8EB1350047B11E /* ThirdVC.swift */,
			);
			path = Controller;
			sourceTree = "<group>";
		};
		3416931D1C8EB1350047B11E /* Model */ = {
			isa = PBXGroup;
			children = (
				3416931E1C8EB1350047B11E /* ThirdModel.swift */,
			);
			path = Model;
			sourceTree = "<group>";
		};
		3416931F1C8EB1350047B11E /* View */ = {
			isa = PBXGroup;
			children = (
				341693201C8EB1350047B11E /* ThirdView.swift */,
				341693211C8EB1350047B11E /* ThirdView.xib */,
			);
			path = View;
			sourceTree = "<group>";
		};
		341693221C8EB1350047B11E /* ViewManger */ = {
			isa = PBXGroup;
			children = (
				341693231C8EB1350047B11E /* ThirdViewManger.swift */,
			);
			path = ViewManger;
			sourceTree = "<group>";
		};
		341693241C8EB1350047B11E /* ViewModel */ = {
			isa = PBXGroup;
			children = (
				341693251C8EB1350047B11E /* ThirdViewModel.swift */,
			);
			path = ViewModel;
			sourceTree = "<group>";
		};
		347271831C8D501500684DBC = {
			isa = PBXGroup;
			children = (
				3472718E1C8D501500684DBC /* SwiftMVVMKitDemo */,
				3472718D1C8D501500684DBC /* Products */,
				CF78B72C440D411C639C7E0A /* Pods */,
				0633CBF3BFA2E949FF67620A /* Frameworks */,
			);
			sourceTree = "<group>";
		};
		3472718D1C8D501500684DBC /* Products */ = {
			isa = PBXGroup;
			children = (
				3472718C1C8D501500684DBC /* SwiftMVVMKitDemo.app */,
			);
			name = Products;
			sourceTree = "<group>";
		};
		3472718E1C8D501500684DBC /* SwiftMVVMKitDemo */ = {
			isa = PBXGroup;
			children = (
				341692B51C8E95C60047B11E /* SwiftMVVMKit */,
				347272E81C8D545A00684DBC /* Classes */,
			);
			path = SwiftMVVMKitDemo;
			sourceTree = "<group>";
		};
		347272E81C8D545A00684DBC /* Classes */ = {
			isa = PBXGroup;
			children = (
				341692F21C8EB1350047B11E /* Src */,
				347272E91C8D545A00684DBC /* Expand */,
				347272FB1C8D545A00684DBC /* Other */,
				347272FD1C8D545A00684DBC /* Resource */,
				347273501C8D545A00684DBC /* Utils */,
				347273521C8D545A00684DBC /* Vender */,
			);
			path = Classes;
			sourceTree = "<group>";
		};
		347272E91C8D545A00684DBC /* Expand */ = {
			isa = PBXGroup;
			children = (
				347272EA1C8D545A00684DBC /* Category */,
				347272EC1C8D545A00684DBC /* Constant */,
				347272EE1C8D545A00684DBC /* Custom */,
				347272F31C8D545A00684DBC /* DataBase */,
				347272F51C8D545A00684DBC /* Macros */,
				347272F71C8D545A00684DBC /* Network */,
				347272F91C8D545A00684DBC /* Tool */,
			);
			path = Expand;
			sourceTree = "<group>";
		};
		347272EA1C8D545A00684DBC /* Category */ = {
			isa = PBXGroup;
			children = (
				347272EB1C8D545A00684DBC /* CategoryPublicHeader.h */,
			);
			path = Category;
			sourceTree = "<group>";
		};
		347272EC1C8D545A00684DBC /* Constant */ = {
			isa = PBXGroup;
			children = (
				347272ED1C8D545A00684DBC /* ConstantPublicHeader.h */,
			);
			path = Constant;
			sourceTree = "<group>";
		};
		347272EE1C8D545A00684DBC /* Custom */ = {
			isa = PBXGroup;
			children = (
				347272EF1C8D545A00684DBC /* Base */,
				347272F01C8D545A00684DBC /* Controller */,
			);
			path = Custom;
			sourceTree = "<group>";
		};
		347272EF1C8D545A00684DBC /* Base */ = {
			isa = PBXGroup;
			children = (
			);
			path = Base;
			sourceTree = "<group>";
		};
		347272F01C8D545A00684DBC /* Controller */ = {
			isa = PBXGroup;
			children = (
				347272F11C8D545A00684DBC /* BHNavViewController.h */,
				347272F21C8D545A00684DBC /* BHNavViewController.m */,
			);
			path = Controller;
			sourceTree = "<group>";
		};
		347272F31C8D545A00684DBC /* DataBase */ = {
			isa = PBXGroup;
			children = (
				347272F41C8D545A00684DBC /* DataBasePublicHeader.h */,
			);
			path = DataBase;
			sourceTree = "<group>";
		};
		347272F51C8D545A00684DBC /* Macros */ = {
			isa = PBXGroup;
			children = (
				347272F61C8D545A00684DBC /* MacrosPublicHeader.h */,
			);
			path = Macros;
			sourceTree = "<group>";
		};
		347272F71C8D545A00684DBC /* Network */ = {
			isa = PBXGroup;
			children = (
				347272F81C8D545A00684DBC /* NetworkPublicHeader.h */,
			);
			path = Network;
			sourceTree = "<group>";
		};
		347272F91C8D545A00684DBC /* Tool */ = {
			isa = PBXGroup;
			children = (
				347272FA1C8D545A00684DBC /* ToolPublicHeader.h */,
			);
			path = Tool;
			sourceTree = "<group>";
		};
		347272FB1C8D545A00684DBC /* Other */ = {
			isa = PBXGroup;
			children = (
				347272FC1C8D545A00684DBC /* AppDelegate.swift */,
			);
			path = Other;
			sourceTree = "<group>";
		};
		347272FD1C8D545A00684DBC /* Resource */ = {
			isa = PBXGroup;
			children = (
				347272FE1C8D545A00684DBC /* Global */,
				347273001C8D545A00684DBC /* Image */,
				347273011C8D545A00684DBC /* Plist */,
			);
			path = Resource;
			sourceTree = "<group>";
		};
		347272FE1C8D545A00684DBC /* Global */ = {
			isa = PBXGroup;
			children = (
				347272FF1C8D545A00684DBC /* SwiftMVVMKit-Bridge-Header.h */,
				347274D01C8D6B8500684DBC /* Main.storyboard */,
			);
			path = Global;
			sourceTree = "<group>";
		};
		347273001C8D545A00684DBC /* Image */ = {
			isa = PBXGroup;
			children = (
				347274E21C8D783600684DBC /* Images.xcassets */,
			);
			path = Image;
			sourceTree = "<group>";
		};
		347273011C8D545A00684DBC /* Plist */ = {
			isa = PBXGroup;
			children = (
			);
			path = Plist;
			sourceTree = "<group>";
		};
		347273501C8D545A00684DBC /* Utils */ = {
			isa = PBXGroup;
			children = (
				347273511C8D545A00684DBC /* Foundation+Log.m */,
			);
			path = Utils;
			sourceTree = "<group>";
		};
		347273521C8D545A00684DBC /* Vender */ = {
			isa = PBXGroup;
			children = (
				347273531C8D545A00684DBC /* Library */,
				347273551C8D545A00684DBC /* SDKFiles */,
			);
			path = Vender;
			sourceTree = "<group>";
		};
		347273531C8D545A00684DBC /* Library */ = {
			isa = PBXGroup;
			children = (
				347273541C8D545A00684DBC /* LibraryPublicHeader.h */,
			);
			path = Library;
			sourceTree = "<group>";
		};
		347273551C8D545A00684DBC /* SDKFiles */ = {
			isa = PBXGroup;
			children = (
				347273561C8D545A00684DBC /* SDKFilePublicHeader.h */,
			);
			path = SDKFiles;
			sourceTree = "<group>";
		};
		CF78B72C440D411C639C7E0A /* Pods */ = {
			isa = PBXGroup;
			children = (
				AC1E527310BADAA5220AC2FC /* Pods.debug.xcconfig */,
				9384533C28CD2B5533FEEDD1 /* Pods.release.xcconfig */,
			);
			name = Pods;
			sourceTree = "<group>";
		};
/* End PBXGroup section */

/* Begin PBXNativeTarget section */
		3472718B1C8D501500684DBC /* SwiftMVVMKitDemo */ = {
			isa = PBXNativeTarget;
			buildConfigurationList = 3472719E1C8D501500684DBC /* Build configuration list for PBXNativeTarget "SwiftMVVMKitDemo" */;
			buildPhases = (
				548E54C8A4CCBA4BB015FA88 /* Check Pods Manifest.lock */,
				347271881C8D501500684DBC /* Sources */,
				347271891C8D501500684DBC /* Frameworks */,
				3472718A1C8D501500684DBC /* Resources */,
				B956B68348A3B9B82825B361 /* Embed Pods Frameworks */,
				09541CF6A1367CC7A4B6842A /* Copy Pods Resources */,
			);
			buildRules = (
			);
			dependencies = (
			);
			name = SwiftMVVMKitDemo;
			productName = SwiftMVVMKitDemo;
			productReference = 3472718C1C8D501500684DBC /* SwiftMVVMKitDemo.app */;
			productType = "com.apple.product-type.application";
		};
/* End PBXNativeTarget section */

/* Begin PBXProject section */
		347271841C8D501500684DBC /* Project object */ = {
			isa = PBXProject;
			attributes = {
				LastSwiftUpdateCheck = 0720;
				LastUpgradeCheck = 0720;
				ORGANIZATIONNAME = momo;
				TargetAttributes = {
					3472718B1C8D501500684DBC = {
						CreatedOnToolsVersion = 7.2.1;
					};
				};
			};
			buildConfigurationList = 347271871C8D501500684DBC /* Build configuration list for PBXProject "SwiftMVVMKitDemo" */;
			compatibilityVersion = "Xcode 3.2";
			developmentRegion = English;
			hasScannedForEncodings = 0;
			knownRegions = (
				en,
				Base,
			);
			mainGroup = 347271831C8D501500684DBC;
			productRefGroup = 3472718D1C8D501500684DBC /* Products */;
			projectDirPath = "";
			projectRoot = "";
			targets = (
				3472718B1C8D501500684DBC /* SwiftMVVMKitDemo */,
			);
		};
/* End PBXProject section */

/* Begin PBXResourcesBuildPhase section */
		3472718A1C8D501500684DBC /* Resources */ = {
			isa = PBXResourcesBuildPhase;
			buildActionMask = 2147483647;
			files = (
				341693291C8EB1350047B11E /* BQCell.xib in Resources */,
				347274D11C8D6B8500684DBC /* Main.storyboard in Resources */,
				341693301C8EB1350047B11E /* FourthView2.xib in Resources */,
				3416932E1C8EB1350047B11E /* FourthView.xib in Resources */,
				3416933C1C8EB1350047B11E /* ThirdView.xib in Resources */,
				341693371C8EB1350047B11E /* BQCollectionCell.xib in Resources */,
				347274E31C8D783600684DBC /* Images.xcassets in Resources */,
			);
			runOnlyForDeploymentPostprocessing = 0;
		};
/* End PBXResourcesBuildPhase section */

/* Begin PBXShellScriptBuildPhase section */
		09541CF6A1367CC7A4B6842A /* Copy Pods Resources */ = {
			isa = PBXShellScriptBuildPhase;
			buildActionMask = 2147483647;
			files = (
			);
			inputPaths = (
			);
			name = "Copy Pods Resources";
			outputPaths = (
			);
			runOnlyForDeploymentPostprocessing = 0;
			shellPath = /bin/sh;
			shellScript = "\"${SRCROOT}/Pods/Target Support Files/Pods/Pods-resources.sh\"\n";
			showEnvVarsInLog = 0;
		};
		548E54C8A4CCBA4BB015FA88 /* Check Pods Manifest.lock */ = {
			isa = PBXShellScriptBuildPhase;
			buildActionMask = 2147483647;
			files = (
			);
			inputPaths = (
			);
			name = "Check Pods Manifest.lock";
			outputPaths = (
			);
			runOnlyForDeploymentPostprocessing = 0;
			shellPath = /bin/sh;
			shellScript = "diff \"${PODS_ROOT}/../Podfile.lock\" \"${PODS_ROOT}/Manifest.lock\" > /dev/null\nif [[ $? != 0 ]] ; then\n    cat << EOM\nerror: The sandbox is not in sync with the Podfile.lock. Run 'pod install' or update your CocoaPods installation.\nEOM\n    exit 1\nfi\n";
			showEnvVarsInLog = 0;
		};
		B956B68348A3B9B82825B361 /* Embed Pods Frameworks */ = {
			isa = PBXShellScriptBuildPhase;
			buildActionMask = 2147483647;
			files = (
			);
			inputPaths = (
			);
			name = "Embed Pods Frameworks";
			outputPaths = (
			);
			runOnlyForDeploymentPostprocessing = 0;
			shellPath = /bin/sh;
			shellScript = "\"${SRCROOT}/Pods/Target Support Files/Pods/Pods-frameworks.sh\"\n";
			showEnvVarsInLog = 0;
		};
/* End PBXShellScriptBuildPhase section */

/* Begin PBXSourcesBuildPhase section */
		347271881C8D501500684DBC /* Sources */ = {
			isa = PBXSourcesBuildPhase;
			buildActionMask = 2147483647;
			files = (
				341692C81C8E95C60047B11E /* SMKBaseCollectionViewManger.swift in Sources */,
				341692CD1C8E95C60047B11E /* UICollectionViewCell+Extension.swift in Sources */,
				341692CB1C8E95C60047B11E /* SMKBaseViewModel.swift in Sources */,
				347273751C8D545A00684DBC /* Foundation+Log.m in Sources */,
				341692CC1C8E95C60047B11E /* UICollectionView+Extension.swift in Sources */,
				341692CA1C8E95C60047B11E /* SMKBaseViewManger.swift in Sources */,
				341693331C8EB1350047B11E /* FourthViewModel.swift in Sources */,
				3416932D1C8EB1350047B11E /* FourthView.swift in Sources */,
				341692D21C8E95C60047B11E /* SMKViewModelProtocolDelegate.swift in Sources */,
				341692D11C8E95C60047B11E /* SMKViewMangerProtocolDelegate.swift in Sources */,
				3416932C1C8EB1350047B11E /* FourthModel.swift in Sources */,
				341692CE1C8E95C60047B11E /* UITableView+Extension.swift in Sources */,
				341693351C8EB1350047B11E /* BQTestModel.swift in Sources */,
				341693271C8EB1350047B11E /* FirstModel.swift in Sources */,
				341693321C8EB1350047B11E /* FourthViewManger2.swift in Sources */,
				3416932B1C8EB1350047B11E /* FourthVC.swift in Sources */,
				341693281C8EB1350047B11E /* BQCell.swift in Sources */,
				341693311C8EB1350047B11E /* FourthViewManger.swift in Sources */,
				341693361C8EB1350047B11E /* BQCollectionCell.swift in Sources */,
				3416933B1C8EB1350047B11E /* ThirdView.swift in Sources */,
				341693261C8EB1350047B11E /* FirstVC.swift in Sources */,
				341692CF1C8E95C60047B11E /* UITableViewCell+Extension.swift in Sources */,
				341692C91C8E95C60047B11E /* SMKBaseTableViewManger.swift in Sources */,
				341693381C8EB1350047B11E /* BQViewModel2.swift in Sources */,
				3416933A1C8EB1350047B11E /* ThirdModel.swift in Sources */,
				341692D01C8E95C60047B11E /* UIView+Configure.swift in Sources */,
				341693391C8EB1350047B11E /* ThirdVC.swift in Sources */,
				3416932F1C8EB1350047B11E /* FourthView2.swift in Sources */,
				3416933D1C8EB1350047B11E /* ThirdViewManger.swift in Sources */,
				341693341C8EB1350047B11E /* SecondVC.swift in Sources */,
				34C7BAE51C91209900833B60 /* UIView+Extension.swift in Sources */,
				3416932A1C8EB1350047B11E /* BQViewModel.swift in Sources */,
				3416933E1C8EB1350047B11E /* ThirdViewModel.swift in Sources */,
				341692D31C8E95C60047B11E /* SMKViewProtocolDelegate.swift in Sources */,
				347273581C8D545A00684DBC /* AppDelegate.swift in Sources */,
				347273571C8D545A00684DBC /* BHNavViewController.m in Sources */,
			);
			runOnlyForDeploymentPostprocessing = 0;
		};
/* End PBXSourcesBuildPhase section */

/* Begin XCBuildConfiguration section */
		3472719C1C8D501500684DBC /* Debug */ = {
			isa = XCBuildConfiguration;
			buildSettings = {
				ALWAYS_SEARCH_USER_PATHS = NO;
				CLANG_CXX_LANGUAGE_STANDARD = "gnu++0x";
				CLANG_CXX_LIBRARY = "libc++";
				CLANG_ENABLE_MODULES = YES;
				CLANG_ENABLE_OBJC_ARC = YES;
				CLANG_WARN_BOOL_CONVERSION = YES;
				CLANG_WARN_CONSTANT_CONVERSION = YES;
				CLANG_WARN_DIRECT_OBJC_ISA_USAGE = YES_ERROR;
				CLANG_WARN_EMPTY_BODY = YES;
				CLANG_WARN_ENUM_CONVERSION = YES;
				CLANG_WARN_INT_CONVERSION = YES;
				CLANG_WARN_OBJC_ROOT_CLASS = YES_ERROR;
				CLANG_WARN_UNREACHABLE_CODE = YES;
				CLANG_WARN__DUPLICATE_METHOD_MATCH = YES;
				"CODE_SIGN_IDENTITY[sdk=iphoneos*]" = "iPhone Developer";
				COPY_PHASE_STRIP = NO;
				DEBUG_INFORMATION_FORMAT = dwarf;
				ENABLE_STRICT_OBJC_MSGSEND = YES;
				ENABLE_TESTABILITY = YES;
				GCC_C_LANGUAGE_STANDARD = gnu99;
				GCC_DYNAMIC_NO_PIC = NO;
				GCC_NO_COMMON_BLOCKS = YES;
				GCC_OPTIMIZATION_LEVEL = 0;
				GCC_PREPROCESSOR_DEFINITIONS = (
					"DEBUG=1",
					"$(inherited)",
				);
				GCC_WARN_64_TO_32_BIT_CONVERSION = YES;
				GCC_WARN_ABOUT_RETURN_TYPE = YES_ERROR;
				GCC_WARN_UNDECLARED_SELECTOR = YES;
				GCC_WARN_UNINITIALIZED_AUTOS = YES_AGGRESSIVE;
				GCC_WARN_UNUSED_FUNCTION = YES;
				GCC_WARN_UNUSED_VARIABLE = YES;
				IPHONEOS_DEPLOYMENT_TARGET = 8.0;
				MTL_ENABLE_DEBUG_INFO = YES;
				ONLY_ACTIVE_ARCH = YES;
				SDKROOT = iphoneos;
				SWIFT_OPTIMIZATION_LEVEL = "-Onone";
				TARGETED_DEVICE_FAMILY = "1,2";
			};
			name = Debug;
		};
		3472719D1C8D501500684DBC /* Release */ = {
			isa = XCBuildConfiguration;
			buildSettings = {
				ALWAYS_SEARCH_USER_PATHS = NO;
				CLANG_CXX_LANGUAGE_STANDARD = "gnu++0x";
				CLANG_CXX_LIBRARY = "libc++";
				CLANG_ENABLE_MODULES = YES;
				CLANG_ENABLE_OBJC_ARC = YES;
				CLANG_WARN_BOOL_CONVERSION = YES;
				CLANG_WARN_CONSTANT_CONVERSION = YES;
				CLANG_WARN_DIRECT_OBJC_ISA_USAGE = YES_ERROR;
				CLANG_WARN_EMPTY_BODY = YES;
				CLANG_WARN_ENUM_CONVERSION = YES;
				CLANG_WARN_INT_CONVERSION = YES;
				CLANG_WARN_OBJC_ROOT_CLASS = YES_ERROR;
				CLANG_WARN_UNREACHABLE_CODE = YES;
				CLANG_WARN__DUPLICATE_METHOD_MATCH = YES;
				"CODE_SIGN_IDENTITY[sdk=iphoneos*]" = "iPhone Developer";
				COPY_PHASE_STRIP = NO;
				DEBUG_INFORMATION_FORMAT = "dwarf-with-dsym";
				ENABLE_NS_ASSERTIONS = NO;
				ENABLE_STRICT_OBJC_MSGSEND = YES;
				GCC_C_LANGUAGE_STANDARD = gnu99;
				GCC_NO_COMMON_BLOCKS = YES;
				GCC_WARN_64_TO_32_BIT_CONVERSION = YES;
				GCC_WARN_ABOUT_RETURN_TYPE = YES_ERROR;
				GCC_WARN_UNDECLARED_SELECTOR = YES;
				GCC_WARN_UNINITIALIZED_AUTOS = YES_AGGRESSIVE;
				GCC_WARN_UNUSED_FUNCTION = YES;
				GCC_WARN_UNUSED_VARIABLE = YES;
				IPHONEOS_DEPLOYMENT_TARGET = 8.0;
				MTL_ENABLE_DEBUG_INFO = NO;
				SDKROOT = iphoneos;
				TARGETED_DEVICE_FAMILY = "1,2";
				VALIDATE_PRODUCT = YES;
			};
			name = Release;
		};
		3472719F1C8D501500684DBC /* Debug */ = {
			isa = XCBuildConfiguration;
			baseConfigurationReference = AC1E527310BADAA5220AC2FC /* Pods.debug.xcconfig */;
			buildSettings = {
				ASSETCATALOG_COMPILER_APPICON_NAME = AppIcon;
				FRAMEWORK_SEARCH_PATHS = "$(inherited)";
				INFOPLIST_FILE = SwiftMVVMKitDemo/Info.plist;
				IPHONEOS_DEPLOYMENT_TARGET = 8.0;
				LD_RUNPATH_SEARCH_PATHS = "$(inherited) @executable_path/Frameworks";
				PRODUCT_BUNDLE_IDENTIFIER = com.hesq.SwiftMVVMKitDemo;
				PRODUCT_NAME = "$(TARGET_NAME)";
				SWIFT_OBJC_BRIDGING_HEADER = "SwiftMVVMKitDemo/Classes/Resource/Global/SwiftMVVMKit-Bridge-Header.h";
			};
			name = Debug;
		};
		347271A01C8D501500684DBC /* Release */ = {
			isa = XCBuildConfiguration;
			baseConfigurationReference = 9384533C28CD2B5533FEEDD1 /* Pods.release.xcconfig */;
			buildSettings = {
				ASSETCATALOG_COMPILER_APPICON_NAME = AppIcon;
				FRAMEWORK_SEARCH_PATHS = "$(inherited)";
				INFOPLIST_FILE = SwiftMVVMKitDemo/Info.plist;
				IPHONEOS_DEPLOYMENT_TARGET = 8.0;
				LD_RUNPATH_SEARCH_PATHS = "$(inherited) @executable_path/Frameworks";
				PRODUCT_BUNDLE_IDENTIFIER = com.hesq.SwiftMVVMKitDemo;
				PRODUCT_NAME = "$(TARGET_NAME)";
				SWIFT_OBJC_BRIDGING_HEADER = "SwiftMVVMKitDemo/Classes/Resource/Global/SwiftMVVMKit-Bridge-Header.h";
			};
			name = Release;
		};
/* End XCBuildConfiguration section */

/* Begin XCConfigurationList section */
		347271871C8D501500684DBC /* Build configuration list for PBXProject "SwiftMVVMKitDemo" */ = {
			isa = XCConfigurationList;
			buildConfigurations = (
				3472719C1C8D501500684DBC /* Debug */,
				3472719D1C8D501500684DBC /* Release */,
			);
			defaultConfigurationIsVisible = 0;
			defaultConfigurationName = Release;
		};
		3472719E1C8D501500684DBC /* Build configuration list for PBXNativeTarget "SwiftMVVMKitDemo" */ = {
			isa = XCConfigurationList;
			buildConfigurations = (
				3472719F1C8D501500684DBC /* Debug */,
				347271A01C8D501500684DBC /* Release */,
			);
			defaultConfigurationIsVisible = 0;
			defaultConfigurationName = Release;
		};
/* End XCConfigurationList section */
	};
	rootObject = 347271841C8D501500684DBC /* Project object */;
}
